// !$*UTF8*$!
{
	archiveVersion = 1;
	classes = {
	};
	objectVersion = 50;
	objects = {

/* Begin PBXBuildFile section */
		08320ED320FDE01400D98704 /* AppDelegate.swift in Sources */ = {isa = PBXBuildFile; fileRef = 08320ED220FDE01400D98704 /* AppDelegate.swift */; };
		08320EDB20FDE01400D98704 /* WeDo.xcdatamodeld in Sources */ = {isa = PBXBuildFile; fileRef = 08320ED920FDE01400D98704 /* WeDo.xcdatamodeld */; };
		08320EDD20FDE01F00D98704 /* Assets.xcassets in Resources */ = {isa = PBXBuildFile; fileRef = 08320EDC20FDE01F00D98704 /* Assets.xcassets */; };
		08320EE020FDE01F00D98704 /* LaunchScreen.storyboard in Resources */ = {isa = PBXBuildFile; fileRef = 08320EDE20FDE01F00D98704 /* LaunchScreen.storyboard */; };
		08320EE920FDE49000D98704 /* LandingViewController.swift in Sources */ = {isa = PBXBuildFile; fileRef = 08320EE820FDE49000D98704 /* LandingViewController.swift */; };
		08320EED20FDEBC000D98704 /* HomeViewController.swift in Sources */ = {isa = PBXBuildFile; fileRef = 08320EEC20FDEBC000D98704 /* HomeViewController.swift */; };
		08320EF020FDF2AF00D98704 /* Slider.swift in Sources */ = {isa = PBXBuildFile; fileRef = 08320EEF20FDF2AF00D98704 /* Slider.swift */; };
		08320EF320FDF30B00D98704 /* SliderCell.swift in Sources */ = {isa = PBXBuildFile; fileRef = 08320EF220FDF30B00D98704 /* SliderCell.swift */; };
		08320EF620FDF37800D98704 /* SliderImages.swift in Sources */ = {isa = PBXBuildFile; fileRef = 08320EF520FDF37800D98704 /* SliderImages.swift */; };
		08320EF920FDF49500D98704 /* Helper.swift in Sources */ = {isa = PBXBuildFile; fileRef = 08320EF820FDF49500D98704 /* Helper.swift */; };
		08320EFB20FDF57400D98704 /* Config.swift in Sources */ = {isa = PBXBuildFile; fileRef = 08320EFA20FDF57400D98704 /* Config.swift */; };
		E98CCFE420FE797100799029 /* MasterCollectionViewCell.swift in Sources */ = {isa = PBXBuildFile; fileRef = E98CCFE320FE797100799029 /* MasterCollectionViewCell.swift */; };
		E98CCFE620FE79BC00799029 /* ServiceCell.swift in Sources */ = {isa = PBXBuildFile; fileRef = E98CCFE520FE79BC00799029 /* ServiceCell.swift */; };
		E98CCFE820FE7D1B00799029 /* Menu.swift in Sources */ = {isa = PBXBuildFile; fileRef = E98CCFE720FE7D1B00799029 /* Menu.swift */; };
		E98CCFEB20FE7D7200799029 /* MenuCell.swift in Sources */ = {isa = PBXBuildFile; fileRef = E98CCFEA20FE7D7200799029 /* MenuCell.swift */; };
		E98CCFF420FE8A8200799029 /* OpenSans-Regular.ttf in Resources */ = {isa = PBXBuildFile; fileRef = E98CCFF020FE8A8100799029 /* OpenSans-Regular.ttf */; };
		E98CCFF520FE8A8200799029 /* OpenSans-Bold.ttf in Resources */ = {isa = PBXBuildFile; fileRef = E98CCFF120FE8A8100799029 /* OpenSans-Bold.ttf */; };
		E98CCFF620FE8A8200799029 /* OpenSans-LightItalic.ttf in Resources */ = {isa = PBXBuildFile; fileRef = E98CCFF220FE8A8200799029 /* OpenSans-LightItalic.ttf */; };
		E98CCFF720FE8A8200799029 /* OpenSans-SemiBold.ttf in Resources */ = {isa = PBXBuildFile; fileRef = E98CCFF320FE8A8200799029 /* OpenSans-SemiBold.ttf */; };
/* End PBXBuildFile section */

/* Begin PBXFileReference section */
		08320ECF20FDE01400D98704 /* WeDo.app */ = {isa = PBXFileReference; explicitFileType = wrapper.application; includeInIndex = 0; path = WeDo.app; sourceTree = BUILT_PRODUCTS_DIR; };
		08320ED220FDE01400D98704 /* AppDelegate.swift */ = {isa = PBXFileReference; lastKnownFileType = sourcecode.swift; path = AppDelegate.swift; sourceTree = "<group>"; };
		08320EDA20FDE01400D98704 /* WeDo.xcdatamodel */ = {isa = PBXFileReference; lastKnownFileType = wrapper.xcdatamodel; path = WeDo.xcdatamodel; sourceTree = "<group>"; };
		08320EDC20FDE01F00D98704 /* Assets.xcassets */ = {isa = PBXFileReference; lastKnownFileType = folder.assetcatalog; path = Assets.xcassets; sourceTree = "<group>"; };
		08320EDF20FDE01F00D98704 /* Base */ = {isa = PBXFileReference; lastKnownFileType = file.storyboard; name = Base; path = Base.lproj/LaunchScreen.storyboard; sourceTree = "<group>"; };
		08320EE120FDE01F00D98704 /* Info.plist */ = {isa = PBXFileReference; lastKnownFileType = text.plist.xml; path = Info.plist; sourceTree = "<group>"; };
		08320EE820FDE49000D98704 /* LandingViewController.swift */ = {isa = PBXFileReference; lastKnownFileType = sourcecode.swift; path = LandingViewController.swift; sourceTree = "<group>"; };
		08320EEC20FDEBC000D98704 /* HomeViewController.swift */ = {isa = PBXFileReference; lastKnownFileType = sourcecode.swift; path = HomeViewController.swift; sourceTree = "<group>"; };
		08320EEF20FDF2AF00D98704 /* Slider.swift */ = {isa = PBXFileReference; lastKnownFileType = sourcecode.swift; path = Slider.swift; sourceTree = "<group>"; };
		08320EF220FDF30B00D98704 /* SliderCell.swift */ = {isa = PBXFileReference; lastKnownFileType = sourcecode.swift; path = SliderCell.swift; sourceTree = "<group>"; };
		08320EF520FDF37800D98704 /* SliderImages.swift */ = {isa = PBXFileReference; lastKnownFileType = sourcecode.swift; path = SliderImages.swift; sourceTree = "<group>"; };
		08320EF820FDF49500D98704 /* Helper.swift */ = {isa = PBXFileReference; lastKnownFileType = sourcecode.swift; path = Helper.swift; sourceTree = "<group>"; };
		08320EFA20FDF57400D98704 /* Config.swift */ = {isa = PBXFileReference; lastKnownFileType = sourcecode.swift; path = Config.swift; sourceTree = "<group>"; };
		E98CCFE320FE797100799029 /* MasterCollectionViewCell.swift */ = {isa = PBXFileReference; lastKnownFileType = sourcecode.swift; path = MasterCollectionViewCell.swift; sourceTree = "<group>"; };
		E98CCFE520FE79BC00799029 /* ServiceCell.swift */ = {isa = PBXFileReference; lastKnownFileType = sourcecode.swift; path = ServiceCell.swift; sourceTree = "<group>"; };
		E98CCFE720FE7D1B00799029 /* Menu.swift */ = {isa = PBXFileReference; lastKnownFileType = sourcecode.swift; path = Menu.swift; sourceTree = "<group>"; };
		E98CCFEA20FE7D7200799029 /* MenuCell.swift */ = {isa = PBXFileReference; lastKnownFileType = sourcecode.swift; path = MenuCell.swift; sourceTree = "<group>"; };
		E98CCFF020FE8A8100799029 /* OpenSans-Regular.ttf */ = {isa = PBXFileReference; lastKnownFileType = file; name = "OpenSans-Regular.ttf"; path = "../../../../800handyman/800Handyman/Resources/Fonts/OpenSans-Regular.ttf"; sourceTree = "<group>"; };
		E98CCFF120FE8A8100799029 /* OpenSans-Bold.ttf */ = {isa = PBXFileReference; lastKnownFileType = file; name = "OpenSans-Bold.ttf"; path = "../../../../800handyman/800Handyman/Resources/Fonts/OpenSans-Bold.ttf"; sourceTree = "<group>"; };
		E98CCFF220FE8A8200799029 /* OpenSans-LightItalic.ttf */ = {isa = PBXFileReference; lastKnownFileType = file; name = "OpenSans-LightItalic.ttf"; path = "../../../../800handyman/800Handyman/Resources/Fonts/OpenSans-LightItalic.ttf"; sourceTree = "<group>"; };
		E98CCFF320FE8A8200799029 /* OpenSans-SemiBold.ttf */ = {isa = PBXFileReference; lastKnownFileType = file; name = "OpenSans-SemiBold.ttf"; path = "../../../../800handyman/800Handyman/Resources/Fonts/OpenSans-SemiBold.ttf"; sourceTree = "<group>"; };
/* End PBXFileReference section */

/* Begin PBXFrameworksBuildPhase section */
		08320ECC20FDE01400D98704 /* Frameworks */ = {
			isa = PBXFrameworksBuildPhase;
			buildActionMask = 2147483647;
			files = (
			);
			runOnlyForDeploymentPostprocessing = 0;
		};
/* End PBXFrameworksBuildPhase section */

/* Begin PBXGroup section */
		08320EC620FDE01400D98704 = {
			isa = PBXGroup;
			children = (
				08320ED120FDE01400D98704 /* WeDo */,
				08320ED020FDE01400D98704 /* Products */,
			);
			sourceTree = "<group>";
		};
		08320ED020FDE01400D98704 /* Products */ = {
			isa = PBXGroup;
			children = (
				08320ECF20FDE01400D98704 /* WeDo.app */,
			);
			name = Products;
			sourceTree = "<group>";
		};
		08320ED120FDE01400D98704 /* WeDo */ = {
			isa = PBXGroup;
			children = (
				E98CCFEC20FE89ED00799029 /* Resources */,
				08320EF720FDF48700D98704 /* Utility */,
				08320EF420FDF36800D98704 /* Models */,
				08320EEE20FDF2A300D98704 /* Views */,
				08320EE720FDE47700D98704 /* Controllers */,
				08320ED220FDE01400D98704 /* AppDelegate.swift */,
				08320EDC20FDE01F00D98704 /* Assets.xcassets */,
				08320EDE20FDE01F00D98704 /* LaunchScreen.storyboard */,
				08320EE120FDE01F00D98704 /* Info.plist */,
				08320ED920FDE01400D98704 /* WeDo.xcdatamodeld */,
			);
			path = WeDo;
			sourceTree = "<group>";
		};
		08320EE720FDE47700D98704 /* Controllers */ = {
			isa = PBXGroup;
			children = (
				08320EE820FDE49000D98704 /* LandingViewController.swift */,
				08320EEC20FDEBC000D98704 /* HomeViewController.swift */,
			);
			path = Controllers;
			sourceTree = "<group>";
		};
		08320EEE20FDF2A300D98704 /* Views */ = {
			isa = PBXGroup;
			children = (
				E98CCFE920FE7D5C00799029 /* TableViewCells */,
				08320EF120FDF2F200D98704 /* CollectionViewCells */,
				08320EEF20FDF2AF00D98704 /* Slider.swift */,
				E98CCFE720FE7D1B00799029 /* Menu.swift */,
			);
			path = Views;
			sourceTree = "<group>";
		};
		08320EF120FDF2F200D98704 /* CollectionViewCells */ = {
			isa = PBXGroup;
			children = (
				08320EF220FDF30B00D98704 /* SliderCell.swift */,
				E98CCFE320FE797100799029 /* MasterCollectionViewCell.swift */,
				E98CCFE520FE79BC00799029 /* ServiceCell.swift */,
			);
			path = CollectionViewCells;
			sourceTree = "<group>";
		};
		08320EF420FDF36800D98704 /* Models */ = {
			isa = PBXGroup;
			children = (
				08320EF520FDF37800D98704 /* SliderImages.swift */,
			);
			path = Models;
			sourceTree = "<group>";
		};
		08320EF720FDF48700D98704 /* Utility */ = {
			isa = PBXGroup;
			children = (
				08320EF820FDF49500D98704 /* Helper.swift */,
				08320EFA20FDF57400D98704 /* Config.swift */,
			);
			path = Utility;
			sourceTree = "<group>";
		};
		E98CCFE920FE7D5C00799029 /* TableViewCells */ = {
			isa = PBXGroup;
			children = (
				E98CCFEA20FE7D7200799029 /* MenuCell.swift */,
			);
			path = TableViewCells;
			sourceTree = "<group>";
		};
		E98CCFEC20FE89ED00799029 /* Resources */ = {
			isa = PBXGroup;
			children = (
				E98CCFED20FE8A3500799029 /* Fonts */,
			);
			path = Resources;
			sourceTree = "<group>";
		};
		E98CCFED20FE8A3500799029 /* Fonts */ = {
			isa = PBXGroup;
			children = (
				E98CCFF120FE8A8100799029 /* OpenSans-Bold.ttf */,
				E98CCFF220FE8A8200799029 /* OpenSans-LightItalic.ttf */,
				E98CCFF020FE8A8100799029 /* OpenSans-Regular.ttf */,
				E98CCFF320FE8A8200799029 /* OpenSans-SemiBold.ttf */,
			);
			path = Fonts;
			sourceTree = "<group>";
		};
/* End PBXGroup section */

/* Begin PBXNativeTarget section */
		08320ECE20FDE01400D98704 /* WeDo */ = {
			isa = PBXNativeTarget;
			buildConfigurationList = 08320EE420FDE01F00D98704 /* Build configuration list for PBXNativeTarget "WeDo" */;
			buildPhases = (
				08320ECB20FDE01400D98704 /* Sources */,
				08320ECC20FDE01400D98704 /* Frameworks */,
				08320ECD20FDE01400D98704 /* Resources */,
			);
			buildRules = (
			);
			dependencies = (
			);
			name = WeDo;
			productName = WeDo;
			productReference = 08320ECF20FDE01400D98704 /* WeDo.app */;
			productType = "com.apple.product-type.application";
		};
/* End PBXNativeTarget section */

/* Begin PBXProject section */
		08320EC720FDE01400D98704 /* Project object */ = {
			isa = PBXProject;
			attributes = {
				LastSwiftUpdateCheck = 0940;
				LastUpgradeCheck = 0940;
				ORGANIZATIONNAME = Creativeitem;
				TargetAttributes = {
					08320ECE20FDE01400D98704 = {
						CreatedOnToolsVersion = 9.4;
					};
				};
			};
			buildConfigurationList = 08320ECA20FDE01400D98704 /* Build configuration list for PBXProject "WeDo" */;
			compatibilityVersion = "Xcode 9.3";
			developmentRegion = en;
			hasScannedForEncodings = 0;
			knownRegions = (
				en,
				Base,
			);
			mainGroup = 08320EC620FDE01400D98704;
			productRefGroup = 08320ED020FDE01400D98704 /* Products */;
			projectDirPath = "";
			projectRoot = "";
			targets = (
				08320ECE20FDE01400D98704 /* WeDo */,
			);
		};
/* End PBXProject section */

/* Begin PBXResourcesBuildPhase section */
		08320ECD20FDE01400D98704 /* Resources */ = {
			isa = PBXResourcesBuildPhase;
			buildActionMask = 2147483647;
			files = (
				08320EE020FDE01F00D98704 /* LaunchScreen.storyboard in Resources */,
				E98CCFF420FE8A8200799029 /* OpenSans-Regular.ttf in Resources */,
				E98CCFF520FE8A8200799029 /* OpenSans-Bold.ttf in Resources */,
				08320EDD20FDE01F00D98704 /* Assets.xcassets in Resources */,
				E98CCFF720FE8A8200799029 /* OpenSans-SemiBold.ttf in Resources */,
				E98CCFF620FE8A8200799029 /* OpenSans-LightItalic.ttf in Resources */,
			);
			runOnlyForDeploymentPostprocessing = 0;
		};
/* End PBXResourcesBuildPhase section */

/* Begin PBXSourcesBuildPhase section */
		08320ECB20FDE01400D98704 /* Sources */ = {
			isa = PBXSourcesBuildPhase;
			buildActionMask = 2147483647;
			files = (
				08320EDB20FDE01400D98704 /* WeDo.xcdatamodeld in Sources */,
				08320EE920FDE49000D98704 /* LandingViewController.swift in Sources */,
				08320EFB20FDF57400D98704 /* Config.swift in Sources */,
				08320ED320FDE01400D98704 /* AppDelegate.swift in Sources */,
				E98CCFE420FE797100799029 /* MasterCollectionViewCell.swift in Sources */,
				08320EED20FDEBC000D98704 /* HomeViewController.swift in Sources */,
				E98CCFE820FE7D1B00799029 /* Menu.swift in Sources */,
				E98CCFE620FE79BC00799029 /* ServiceCell.swift in Sources */,
				08320EF620FDF37800D98704 /* SliderImages.swift in Sources */,
				08320EF320FDF30B00D98704 /* SliderCell.swift in Sources */,
				08320EF020FDF2AF00D98704 /* Slider.swift in Sources */,
				E98CCFEB20FE7D7200799029 /* MenuCell.swift in Sources */,
				08320EF920FDF49500D98704 /* Helper.swift in Sources */,
			);
			runOnlyForDeploymentPostprocessing = 0;
		};
/* End PBXSourcesBuildPhase section */

/* Begin PBXVariantGroup section */
		08320EDE20FDE01F00D98704 /* LaunchScreen.storyboard */ = {
			isa = PBXVariantGroup;
			children = (
				08320EDF20FDE01F00D98704 /* Base */,
			);
			name = LaunchScreen.storyboard;
			sourceTree = "<group>";
		};
/* End PBXVariantGroup section */

/* Begin XCBuildConfiguration section */
		08320EE220FDE01F00D98704 /* Debug */ = {
			isa = XCBuildConfiguration;
			buildSettings = {
				ALWAYS_SEARCH_USER_PATHS = NO;
				CLANG_ANALYZER_NONNULL = YES;
				CLANG_ANALYZER_NUMBER_OBJECT_CONVERSION = YES_AGGRESSIVE;
				CLANG_CXX_LANGUAGE_STANDARD = "gnu++14";
				CLANG_CXX_LIBRARY = "libc++";
				CLANG_ENABLE_MODULES = YES;
				CLANG_ENABLE_OBJC_ARC = YES;
				CLANG_ENABLE_OBJC_WEAK = YES;
				CLANG_WARN_BLOCK_CAPTURE_AUTORELEASING = YES;
				CLANG_WARN_BOOL_CONVERSION = YES;
				CLANG_WARN_COMMA = YES;
				CLANG_WARN_CONSTANT_CONVERSION = YES;
				CLANG_WARN_DEPRECATED_OBJC_IMPLEMENTATIONS = YES;
				CLANG_WARN_DIRECT_OBJC_ISA_USAGE = YES_ERROR;
				CLANG_WARN_DOCUMENTATION_COMMENTS = YES;
				CLANG_WARN_EMPTY_BODY = YES;
				CLANG_WARN_ENUM_CONVERSION = YES;
				CLANG_WARN_INFINITE_RECURSION = YES;
				CLANG_WARN_INT_CONVERSION = YES;
				CLANG_WARN_NON_LITERAL_NULL_CONVERSION = YES;
				CLANG_WARN_OBJC_IMPLICIT_RETAIN_SELF = YES;
				CLANG_WARN_OBJC_LITERAL_CONVERSION = YES;
				CLANG_WARN_OBJC_ROOT_CLASS = YES_ERROR;
				CLANG_WARN_RANGE_LOOP_ANALYSIS = YES;
				CLANG_WARN_STRICT_PROTOTYPES = YES;
				CLANG_WARN_SUSPICIOUS_MOVE = YES;
				CLANG_WARN_UNGUARDED_AVAILABILITY = YES_AGGRESSIVE;
				CLANG_WARN_UNREACHABLE_CODE = YES;
				CLANG_WARN__DUPLICATE_METHOD_MATCH = YES;
				CODE_SIGN_IDENTITY = "iPhone Developer";
				COPY_PHASE_STRIP = NO;
				DEBUG_INFORMATION_FORMAT = dwarf;
				ENABLE_STRICT_OBJC_MSGSEND = YES;
				ENABLE_TESTABILITY = YES;
				GCC_C_LANGUAGE_STANDARD = gnu11;
				GCC_DYNAMIC_NO_PIC = NO;
				GCC_NO_COMMON_BLOCKS = YES;
				GCC_OPTIMIZATION_LEVEL = 0;
				GCC_PREPROCESSOR_DEFINITIONS = (
					"DEBUG=1",
					"$(inherited)",
				);
				GCC_WARN_64_TO_32_BIT_CONVERSION = YES;
				GCC_WARN_ABOUT_RETURN_TYPE = YES_ERROR;
				GCC_WARN_UNDECLARED_SELECTOR = YES;
				GCC_WARN_UNINITIALIZED_AUTOS = YES_AGGRESSIVE;
				GCC_WARN_UNUSED_FUNCTION = YES;
				GCC_WARN_UNUSED_VARIABLE = YES;
				IPHONEOS_DEPLOYMENT_TARGET = 11.4;
				MTL_ENABLE_DEBUG_INFO = YES;
				ONLY_ACTIVE_ARCH = YES;
				SDKROOT = iphoneos;
				SWIFT_ACTIVE_COMPILATION_CONDITIONS = DEBUG;
				SWIFT_OPTIMIZATION_LEVEL = "-Onone";
			};
			name = Debug;
		};
		08320EE320FDE01F00D98704 /* Release */ = {
			isa = XCBuildConfiguration;
			buildSettings = {
				ALWAYS_SEARCH_USER_PATHS = NO;
				CLANG_ANALYZER_NONNULL = YES;
				CLANG_ANALYZER_NUMBER_OBJECT_CONVERSION = YES_AGGRESSIVE;
				CLANG_CXX_LANGUAGE_STANDARD = "gnu++14";
				CLANG_CXX_LIBRARY = "libc++";
				CLANG_ENABLE_MODULES = YES;
				CLANG_ENABLE_OBJC_ARC = YES;
				CLANG_ENABLE_OBJC_WEAK = YES;
				CLANG_WARN_BLOCK_CAPTURE_AUTORELEASING = YES;
				CLANG_WARN_BOOL_CONVERSION = YES;
				CLANG_WARN_COMMA = YES;
				CLANG_WARN_CONSTANT_CONVERSION = YES;
				CLANG_WARN_DEPRECATED_OBJC_IMPLEMENTATIONS = YES;
				CLANG_WARN_DIRECT_OBJC_ISA_USAGE = YES_ERROR;
				CLANG_WARN_DOCUMENTATION_COMMENTS = YES;
				CLANG_WARN_EMPTY_BODY = YES;
				CLANG_WARN_ENUM_CONVERSION = YES;
				CLANG_WARN_INFINITE_RECURSION = YES;
				CLANG_WARN_INT_CONVERSION = YES;
				CLANG_WARN_NON_LITERAL_NULL_CONVERSION = YES;
				CLANG_WARN_OBJC_IMPLICIT_RETAIN_SELF = YES;
				CLANG_WARN_OBJC_LITERAL_CONVERSION = YES;
				CLANG_WARN_OBJC_ROOT_CLASS = YES_ERROR;
				CLANG_WARN_RANGE_LOOP_ANALYSIS = YES;
				CLANG_WARN_STRICT_PROTOTYPES = YES;
				CLANG_WARN_SUSPICIOUS_MOVE = YES;
				CLANG_WARN_UNGUARDED_AVAILABILITY = YES_AGGRESSIVE;
				CLANG_WARN_UNREACHABLE_CODE = YES;
				CLANG_WARN__DUPLICATE_METHOD_MATCH = YES;
				CODE_SIGN_IDENTITY = "iPhone Developer";
				COPY_PHASE_STRIP = NO;
				DEBUG_INFORMATION_FORMAT = "dwarf-with-dsym";
				ENABLE_NS_ASSERTIONS = NO;
				ENABLE_STRICT_OBJC_MSGSEND = YES;
				GCC_C_LANGUAGE_STANDARD = gnu11;
				GCC_NO_COMMON_BLOCKS = YES;
				GCC_WARN_64_TO_32_BIT_CONVERSION = YES;
				GCC_WARN_ABOUT_RETURN_TYPE = YES_ERROR;
				GCC_WARN_UNDECLARED_SELECTOR = YES;
				GCC_WARN_UNINITIALIZED_AUTOS = YES_AGGRESSIVE;
				GCC_WARN_UNUSED_FUNCTION = YES;
				GCC_WARN_UNUSED_VARIABLE = YES;
				IPHONEOS_DEPLOYMENT_TARGET = 11.4;
				MTL_ENABLE_DEBUG_INFO = NO;
				SDKROOT = iphoneos;
				SWIFT_COMPILATION_MODE = wholemodule;
				SWIFT_OPTIMIZATION_LEVEL = "-O";
				VALIDATE_PRODUCT = YES;
			};
			name = Release;
		};
		08320EE520FDE01F00D98704 /* Debug */ = {
			isa = XCBuildConfiguration;
			buildSettings = {
				ASSETCATALOG_COMPILER_APPICON_NAME = AppIcon;
				CODE_SIGN_STYLE = Automatic;
				DEVELOPMENT_TEAM = F3GWQ2Y6WA;
				INFOPLIST_FILE = WeDo/Info.plist;
				LD_RUNPATH_SEARCH_PATHS = (
					"$(inherited)",
					"@executable_path/Frameworks",
				);
				PRODUCT_BUNDLE_IDENTIFIER = com.creativeitem.WeDo;
				PRODUCT_NAME = "$(TARGET_NAME)";
				SWIFT_VERSION = 4.0;
				TARGETED_DEVICE_FAMILY = "1,2";
			};
			name = Debug;
		};
		08320EE620FDE01F00D98704 /* Release */ = {
			isa = XCBuildConfiguration;
			buildSettings = {
				ASSETCATALOG_COMPILER_APPICON_NAME = AppIcon;
				CODE_SIGN_STYLE = Automatic;
				DEVELOPMENT_TEAM = F3GWQ2Y6WA;
				INFOPLIST_FILE = WeDo/Info.plist;
				LD_RUNPATH_SEARCH_PATHS = (
					"$(inherited)",
					"@executable_path/Frameworks",
				);
				PRODUCT_BUNDLE_IDENTIFIER = com.creativeitem.WeDo;
				PRODUCT_NAME = "$(TARGET_NAME)";
				SWIFT_VERSION = 4.0;
				TARGETED_DEVICE_FAMILY = "1,2";
			};
			name = Release;
		};
/* End XCBuildConfiguration section */

/* Begin XCConfigurationList section */
		08320ECA20FDE01400D98704 /* Build configuration list for PBXProject "WeDo" */ = {
			isa = XCConfigurationList;
			buildConfigurations = (
				08320EE220FDE01F00D98704 /* Debug */,
				08320EE320FDE01F00D98704 /* Release */,
			);
			defaultConfigurationIsVisible = 0;
			defaultConfigurationName = Release;
		};
		08320EE420FDE01F00D98704 /* Build configuration list for PBXNativeTarget "WeDo" */ = {
			isa = XCConfigurationList;
			buildConfigurations = (
				08320EE520FDE01F00D98704 /* Debug */,
				08320EE620FDE01F00D98704 /* Release */,
			);
			defaultConfigurationIsVisible = 0;
			defaultConfigurationName = Release;
		};
/* End XCConfigurationList section */

/* Begin XCVersionGroup section */
		08320ED920FDE01400D98704 /* WeDo.xcdatamodeld */ = {
			isa = XCVersionGroup;
			children = (
				08320EDA20FDE01400D98704 /* WeDo.xcdatamodel */,
			);
			currentVersion = 08320EDA20FDE01400D98704 /* WeDo.xcdatamodel */;
			path = WeDo.xcdatamodeld;
			sourceTree = "<group>";
			versionGroupType = wrapper.xcdatamodel;
		};
/* End XCVersionGroup section */
	};
	rootObject = 08320EC720FDE01400D98704 /* Project object */;
}
