// !$*UTF8*$!
{
	archiveVersion = 1;
	classes = {
	};
	objectVersion = 50;
	objects = {

/* Begin PBXBuildFile section */
		082E5FF22100B6C00081D26D /* ServiceDescriptionOneViewController.swift in Sources */ = {isa = PBXBuildFile; fileRef = 082E5FF12100B6C00081D26D /* ServiceDescriptionOneViewController.swift */; };
		082E5FF42100B7340081D26D /* ServiceDescriptionTwoViewController.swift in Sources */ = {isa = PBXBuildFile; fileRef = 082E5FF32100B7340081D26D /* ServiceDescriptionTwoViewController.swift */; };
		08320ED320FDE01400D98704 /* AppDelegate.swift in Sources */ = {isa = PBXBuildFile; fileRef = 08320ED220FDE01400D98704 /* AppDelegate.swift */; };
		08320EDB20FDE01400D98704 /* WeDo.xcdatamodeld in Sources */ = {isa = PBXBuildFile; fileRef = 08320ED920FDE01400D98704 /* WeDo.xcdatamodeld */; };
		08320EDD20FDE01F00D98704 /* Assets.xcassets in Resources */ = {isa = PBXBuildFile; fileRef = 08320EDC20FDE01F00D98704 /* Assets.xcassets */; };
		08320EE020FDE01F00D98704 /* LaunchScreen.storyboard in Resources */ = {isa = PBXBuildFile; fileRef = 08320EDE20FDE01F00D98704 /* LaunchScreen.storyboard */; };
		08320EE920FDE49000D98704 /* LandingViewController.swift in Sources */ = {isa = PBXBuildFile; fileRef = 08320EE820FDE49000D98704 /* LandingViewController.swift */; };
		08320EED20FDEBC000D98704 /* HomeViewController.swift in Sources */ = {isa = PBXBuildFile; fileRef = 08320EEC20FDEBC000D98704 /* HomeViewController.swift */; };
		08320EF020FDF2AF00D98704 /* Slider.swift in Sources */ = {isa = PBXBuildFile; fileRef = 08320EEF20FDF2AF00D98704 /* Slider.swift */; };
		08320EF320FDF30B00D98704 /* SliderCell.swift in Sources */ = {isa = PBXBuildFile; fileRef = 08320EF220FDF30B00D98704 /* SliderCell.swift */; };
		08320EF620FDF37800D98704 /* SliderImages.swift in Sources */ = {isa = PBXBuildFile; fileRef = 08320EF520FDF37800D98704 /* SliderImages.swift */; };
		08320EF920FDF49500D98704 /* Helper.swift in Sources */ = {isa = PBXBuildFile; fileRef = 08320EF820FDF49500D98704 /* Helper.swift */; };
		08320EFB20FDF57400D98704 /* Config.swift in Sources */ = {isa = PBXBuildFile; fileRef = 08320EFA20FDF57400D98704 /* Config.swift */; };
		083B2AF32109A372004F9A0F /* RegisterViewController.swift in Sources */ = {isa = PBXBuildFile; fileRef = 083B2AF22109A372004F9A0F /* RegisterViewController.swift */; };
		083B2B162109BBD4004F9A0F /* LoginViewController.swift in Sources */ = {isa = PBXBuildFile; fileRef = 083B2B152109BBD4004F9A0F /* LoginViewController.swift */; };
		083B2B1A2109CCC3004F9A0F /* ActiveOrderTableViewCell.swift in Sources */ = {isa = PBXBuildFile; fileRef = 083B2B192109CCC3004F9A0F /* ActiveOrderTableViewCell.swift */; };
		083B2B1C2109EF4F004F9A0F /* ServiceDetailsViewController.swift in Sources */ = {isa = PBXBuildFile; fileRef = 083B2B1B2109EF4F004F9A0F /* ServiceDetailsViewController.swift */; };
		0847AFC2213BFE890054DE93 /* CalenderSelector.swift in Sources */ = {isa = PBXBuildFile; fileRef = 0847AFC1213BFE890054DE93 /* CalenderSelector.swift */; };
		0847AFC4213C05FD0054DE93 /* TImeCell.swift in Sources */ = {isa = PBXBuildFile; fileRef = 0847AFC3213C05FD0054DE93 /* TImeCell.swift */; };
		084A03E420FF3CEB000E532E /* AllServicesListViewController.swift in Sources */ = {isa = PBXBuildFile; fileRef = 084A03E320FF3CEB000E532E /* AllServicesListViewController.swift */; };
		084A03E620FF5104000E532E /* AllServicesListCollectionViewCell.swift in Sources */ = {isa = PBXBuildFile; fileRef = 084A03E520FF5104000E532E /* AllServicesListCollectionViewCell.swift */; };
		084A03E820FF5A3F000E532E /* HorizontalCollectionViewCell.swift in Sources */ = {isa = PBXBuildFile; fileRef = 084A03E720FF5A3F000E532E /* HorizontalCollectionViewCell.swift */; };
		084A03F220FF7813000E532E /* ServiceDetailsCell.swift in Sources */ = {isa = PBXBuildFile; fileRef = 084A03F120FF7813000E532E /* ServiceDetailsCell.swift */; };
		084C9F30213E5F610062C247 /* OpenSans-SemiBold.ttf in Resources */ = {isa = PBXBuildFile; fileRef = 084C9F2C213E5F5C0062C247 /* OpenSans-SemiBold.ttf */; };
		084C9F31213E5F610062C247 /* OpenSans-LightItalic.ttf in Resources */ = {isa = PBXBuildFile; fileRef = 084C9F2D213E5F5C0062C247 /* OpenSans-LightItalic.ttf */; };
		084C9F32213E5F610062C247 /* OpenSans-Regular.ttf in Resources */ = {isa = PBXBuildFile; fileRef = 084C9F2E213E5F5D0062C247 /* OpenSans-Regular.ttf */; };
		084C9F33213E5F610062C247 /* OpenSans-Bold.ttf in Resources */ = {isa = PBXBuildFile; fileRef = 084C9F2F213E5F610062C247 /* OpenSans-Bold.ttf */; };
		084C9F35213E62FC0062C247 /* RequestAServiceModel.swift in Sources */ = {isa = PBXBuildFile; fileRef = 084C9F34213E62FC0062C247 /* RequestAServiceModel.swift */; };
		0861E8242141279400AC285E /* CompanyListModel.swift in Sources */ = {isa = PBXBuildFile; fileRef = 0861E8232141279400AC285E /* CompanyListModel.swift */; };
		0861E82621413AC200AC285E /* FAQTableViewCell.swift in Sources */ = {isa = PBXBuildFile; fileRef = 0861E82521413AC200AC285E /* FAQTableViewCell.swift */; };
		08666543213D5B84003980BC /* MemberModel.swift in Sources */ = {isa = PBXBuildFile; fileRef = 08666542213D5B84003980BC /* MemberModel.swift */; };
		086E2FFD213FB7EE004FA13F /* Localizable.strings in Resources */ = {isa = PBXBuildFile; fileRef = 086E2FFF213FB7EE004FA13F /* Localizable.strings */; };
		086E3002213FCB79004FA13F /* NotificationViewController.swift in Sources */ = {isa = PBXBuildFile; fileRef = 086E3001213FCB79004FA13F /* NotificationViewController.swift */; };
		086E3004213FCD4C004FA13F /* HelpAndFAQViewController.swift in Sources */ = {isa = PBXBuildFile; fileRef = 086E3003213FCD4C004FA13F /* HelpAndFAQViewController.swift */; };
		086E3006213FCDC6004FA13F /* ContactUsViewController.swift in Sources */ = {isa = PBXBuildFile; fileRef = 086E3005213FCDC6004FA13F /* ContactUsViewController.swift */; };
		086E3008213FCDDC004FA13F /* EditProfileViewController.swift in Sources */ = {isa = PBXBuildFile; fileRef = 086E3007213FCDDC004FA13F /* EditProfileViewController.swift */; };
		086E300A213FE9A6004FA13F /* ActiveOrderModel.swift in Sources */ = {isa = PBXBuildFile; fileRef = 086E3009213FE9A6004FA13F /* ActiveOrderModel.swift */; };
		08743F49211848190077C5EE /* Reachability.swift in Sources */ = {isa = PBXBuildFile; fileRef = 08743F48211848190077C5EE /* Reachability.swift */; };
		08743F4B2118491C0077C5EE /* Alert.swift in Sources */ = {isa = PBXBuildFile; fileRef = 08743F4A2118491C0077C5EE /* Alert.swift */; };
		08743F4D211850B50077C5EE /* HTTPRequestHandler.swift in Sources */ = {isa = PBXBuildFile; fileRef = 08743F4C211850B50077C5EE /* HTTPRequestHandler.swift */; };
		08743F4F211862780077C5EE /* AreaModel.swift in Sources */ = {isa = PBXBuildFile; fileRef = 08743F4E211862780077C5EE /* AreaModel.swift */; };
		08743F51211871600077C5EE /* ServiceModel.swift in Sources */ = {isa = PBXBuildFile; fileRef = 08743F50211871600077C5EE /* ServiceModel.swift */; };
		0885583E210DA2E800533A08 /* OrderHistoryTableViewCell.swift in Sources */ = {isa = PBXBuildFile; fileRef = 0885583D210DA2E800533A08 /* OrderHistoryTableViewCell.swift */; };
		08855840210DA2FA00533A08 /* CompanyTableViewCell.swift in Sources */ = {isa = PBXBuildFile; fileRef = 0885583F210DA2FA00533A08 /* CompanyTableViewCell.swift */; };
		08855842210DAFA200533A08 /* JobRequestListViewController.swift in Sources */ = {isa = PBXBuildFile; fileRef = 08855841210DAFA200533A08 /* JobRequestListViewController.swift */; };
		08855844210DBC3E00533A08 /* JobRequestListTableViewCell.swift in Sources */ = {isa = PBXBuildFile; fileRef = 08855843210DBC3E00533A08 /* JobRequestListTableViewCell.swift */; };
		08855846210DD08000533A08 /* JobRequestDetails.swift in Sources */ = {isa = PBXBuildFile; fileRef = 08855845210DD08000533A08 /* JobRequestDetails.swift */; };
		7775A155214D36000038C432 /* FaqViewController.swift in Sources */ = {isa = PBXBuildFile; fileRef = 7775A154214D36000038C432 /* FaqViewController.swift */; };
		7775A157214D37A40038C432 /* TermsConditionsViewController.swift in Sources */ = {isa = PBXBuildFile; fileRef = 7775A156214D37A40038C432 /* TermsConditionsViewController.swift */; };
		7775A159214D37C80038C432 /* PrivacyPolicyViewController.swift in Sources */ = {isa = PBXBuildFile; fileRef = 7775A158214D37C80038C432 /* PrivacyPolicyViewController.swift */; };
		7775A15C214D3ABA0038C432 /* SPLoginViewController.swift in Sources */ = {isa = PBXBuildFile; fileRef = 7775A15B214D3ABA0038C432 /* SPLoginViewController.swift */; };
		7775A15E214D44990038C432 /* SPRegisterViewController.swift in Sources */ = {isa = PBXBuildFile; fileRef = 7775A15D214D44990038C432 /* SPRegisterViewController.swift */; };
		7775A164214D53F40038C432 /* SPRegisterCompanyViewController.swift in Sources */ = {isa = PBXBuildFile; fileRef = 7775A163214D53F40038C432 /* SPRegisterCompanyViewController.swift */; };
		7775A166214D54220038C432 /* SPRegisterAddressViewController.swift in Sources */ = {isa = PBXBuildFile; fileRef = 7775A165214D54220038C432 /* SPRegisterAddressViewController.swift */; };
		7775A168214D56C90038C432 /* SPRegisterDateTimeViewController.swift in Sources */ = {isa = PBXBuildFile; fileRef = 7775A167214D56C80038C432 /* SPRegisterDateTimeViewController.swift */; };
		7775A16A214D56F10038C432 /* SPRegisterServicesViewController.swift in Sources */ = {isa = PBXBuildFile; fileRef = 7775A169214D56F10038C432 /* SPRegisterServicesViewController.swift */; };
		7775A16C214DA1820038C432 /* WeekdaySelectCell.swift in Sources */ = {isa = PBXBuildFile; fileRef = 7775A16B214DA1820038C432 /* WeekdaySelectCell.swift */; };
		778F1331214E91F50042A212 /* SPLoginVerifyViewController.swift in Sources */ = {isa = PBXBuildFile; fileRef = 778F1330214E91F50042A212 /* SPLoginVerifyViewController.swift */; };
		778F1333214EACA30042A212 /* SPHomeViewController.swift in Sources */ = {isa = PBXBuildFile; fileRef = 778F1332214EACA30042A212 /* SPHomeViewController.swift */; };
		778F1335214EACDF0042A212 /* SPCurrentJobsViewController.swift in Sources */ = {isa = PBXBuildFile; fileRef = 778F1334214EACDF0042A212 /* SPCurrentJobsViewController.swift */; };
		778F1337214EAD0B0042A212 /* SPNewJobsViewController.swift in Sources */ = {isa = PBXBuildFile; fileRef = 778F1336214EAD0B0042A212 /* SPNewJobsViewController.swift */; };
		778F1339214EAD350042A212 /* SPRequestedJobsViewController.swift in Sources */ = {isa = PBXBuildFile; fileRef = 778F1338214EAD350042A212 /* SPRequestedJobsViewController.swift */; };
		778F133B214EB14C0042A212 /* SPJobCell.swift in Sources */ = {isa = PBXBuildFile; fileRef = 778F133A214EB14C0042A212 /* SPJobCell.swift */; };
		778F133D214EBC670042A212 /* SPCurrentJobDetailsViewController.swift in Sources */ = {isa = PBXBuildFile; fileRef = 778F133C214EBC670042A212 /* SPCurrentJobDetailsViewController.swift */; };
		778F133F214EE9800042A212 /* SingleImageCell.swift in Sources */ = {isa = PBXBuildFile; fileRef = 778F133E214EE9800042A212 /* SingleImageCell.swift */; };
		778F1341214EF42A0042A212 /* SPNewJobDetailsViewController.swift in Sources */ = {isa = PBXBuildFile; fileRef = 778F1340214EF42A0042A212 /* SPNewJobDetailsViewController.swift */; };
		778F1343214EF6810042A212 /* SPCustomerDetailCell.swift in Sources */ = {isa = PBXBuildFile; fileRef = 778F1342214EF6810042A212 /* SPCustomerDetailCell.swift */; };
		778F1345214EFF350042A212 /* SPRequestedJobDetailsViewController.swift in Sources */ = {isa = PBXBuildFile; fileRef = 778F1344214EFF350042A212 /* SPRequestedJobDetailsViewController.swift */; };
		77F0D2602154090900E74DA3 /* SPProfileViewController.swift in Sources */ = {isa = PBXBuildFile; fileRef = 77F0D25F2154090900E74DA3 /* SPProfileViewController.swift */; };
		77F0D26221540E3F00E74DA3 /* SPProfileItemCell.swift in Sources */ = {isa = PBXBuildFile; fileRef = 77F0D26121540E3F00E74DA3 /* SPProfileItemCell.swift */; };
		77F0D2642154114A00E74DA3 /* SPAccountViewController.swift in Sources */ = {isa = PBXBuildFile; fileRef = 77F0D2632154114A00E74DA3 /* SPAccountViewController.swift */; };
		77F0D266215528CF00E74DA3 /* SPBasicInformationViewController.swift in Sources */ = {isa = PBXBuildFile; fileRef = 77F0D265215528CF00E74DA3 /* SPBasicInformationViewController.swift */; };
		77F0D2682155344F00E74DA3 /* SPServiceHistoryViewController.swift in Sources */ = {isa = PBXBuildFile; fileRef = 77F0D2672155344F00E74DA3 /* SPServiceHistoryViewController.swift */; };
		77F0D26A215541B800E74DA3 /* SPServiceHistoryDetailsViewController.swift in Sources */ = {isa = PBXBuildFile; fileRef = 77F0D269215541B800E74DA3 /* SPServiceHistoryDetailsViewController.swift */; };
		77F0D26C2155454800E74DA3 /* SPContactViewController.swift in Sources */ = {isa = PBXBuildFile; fileRef = 77F0D26B2155454800E74DA3 /* SPContactViewController.swift */; };
		77F0D26E215556DC00E74DA3 /* SPContactModel.swift in Sources */ = {isa = PBXBuildFile; fileRef = 77F0D26D215556DC00E74DA3 /* SPContactModel.swift */; };
		77F0D270215561C900E74DA3 /* ServiceProviderModel.swift in Sources */ = {isa = PBXBuildFile; fileRef = 77F0D26F215561C900E74DA3 /* ServiceProviderModel.swift */; };
		77F0D2722155906800E74DA3 /* SPDashboardModel.swift in Sources */ = {isa = PBXBuildFile; fileRef = 77F0D2712155906800E74DA3 /* SPDashboardModel.swift */; };
		77F0D27421567F8D00E74DA3 /* SPProfileModel.swift in Sources */ = {isa = PBXBuildFile; fileRef = 77F0D27321567F8D00E74DA3 /* SPProfileModel.swift */; };
		77F0D276215697AE00E74DA3 /* SPServiceHistoryModel.swift in Sources */ = {isa = PBXBuildFile; fileRef = 77F0D275215697AE00E74DA3 /* SPServiceHistoryModel.swift */; };
		77F0D2782156A65400E74DA3 /* SPServicesModel.swift in Sources */ = {isa = PBXBuildFile; fileRef = 77F0D2772156A65400E74DA3 /* SPServicesModel.swift */; };
		77F0D27A2156B11900E74DA3 /* SPServiceHeaderCell.swift in Sources */ = {isa = PBXBuildFile; fileRef = 77F0D2792156B11900E74DA3 /* SPServiceHeaderCell.swift */; };
		77F0D27C2156C88D00E74DA3 /* SimpleTableCell.swift in Sources */ = {isa = PBXBuildFile; fileRef = 77F0D27B2156C88D00E74DA3 /* SimpleTableCell.swift */; };
		854CEC902907D94E1A3E5786 /* Pods_WeDo.framework in Frameworks */ = {isa = PBXBuildFile; fileRef = 7B09321FB70B88967EE31BF0 /* Pods_WeDo.framework */; };
		E912818221033BBF0010A242 /* ServiceLocationOneViewController.swift in Sources */ = {isa = PBXBuildFile; fileRef = E912818121033BBF0010A242 /* ServiceLocationOneViewController.swift */; };
		E912818621033C030010A242 /* ServiceDateAndTimeOneviewController.swift in Sources */ = {isa = PBXBuildFile; fileRef = E912818521033C030010A242 /* ServiceDateAndTimeOneviewController.swift */; };
		E912818821033C1A0010A242 /* ServicePaymentOneViewController.swift in Sources */ = {isa = PBXBuildFile; fileRef = E912818721033C1A0010A242 /* ServicePaymentOneViewController.swift */; };
		E912818C2103642F0010A242 /* ServiceRequestImageCell.swift in Sources */ = {isa = PBXBuildFile; fileRef = E912818B2103642F0010A242 /* ServiceRequestImageCell.swift */; };
		E912818E2103C3D00010A242 /* PaddedText.swift in Sources */ = {isa = PBXBuildFile; fileRef = E912818D2103C3CF0010A242 /* PaddedText.swift */; };
		E98CCFE420FE797100799029 /* MasterCollectionViewCell.swift in Sources */ = {isa = PBXBuildFile; fileRef = E98CCFE320FE797100799029 /* MasterCollectionViewCell.swift */; };
		E98CCFE620FE79BC00799029 /* ServiceCell.swift in Sources */ = {isa = PBXBuildFile; fileRef = E98CCFE520FE79BC00799029 /* ServiceCell.swift */; };
		E98CCFE820FE7D1B00799029 /* Menu.swift in Sources */ = {isa = PBXBuildFile; fileRef = E98CCFE720FE7D1B00799029 /* Menu.swift */; };
		E98CCFEB20FE7D7200799029 /* MenuCell.swift in Sources */ = {isa = PBXBuildFile; fileRef = E98CCFEA20FE7D7200799029 /* MenuCell.swift */; };
		E9A8CE40210E35E200F4FDF4 /* CustomerSettingsViewController.swift in Sources */ = {isa = PBXBuildFile; fileRef = E9A8CE3F210E35E200F4FDF4 /* CustomerSettingsViewController.swift */; };
		E9A8CE7C210E4BEE00F4FDF4 /* Selector.swift in Sources */ = {isa = PBXBuildFile; fileRef = E9A8CE7B210E4BEE00F4FDF4 /* Selector.swift */; };
		E9A8CE7E210E4C4200F4FDF4 /* SelectorCell.swift in Sources */ = {isa = PBXBuildFile; fileRef = E9A8CE7D210E4C4200F4FDF4 /* SelectorCell.swift */; };
		E9A8CE80210E4CD200F4FDF4 /* SelectorModel.swift in Sources */ = {isa = PBXBuildFile; fileRef = E9A8CE7F210E4CD200F4FDF4 /* SelectorModel.swift */; };
		E9F10165210A6C34007CEE7F /* ActiveOrderViewController.swift in Sources */ = {isa = PBXBuildFile; fileRef = E9F10164210A6C34007CEE7F /* ActiveOrderViewController.swift */; };
		E9F10167210A6C8A007CEE7F /* OrderHistoryViewController.swift in Sources */ = {isa = PBXBuildFile; fileRef = E9F10166210A6C8A007CEE7F /* OrderHistoryViewController.swift */; };
		E9F10169210A6C9D007CEE7F /* CompanyViewController.swift in Sources */ = {isa = PBXBuildFile; fileRef = E9F10168210A6C9D007CEE7F /* CompanyViewController.swift */; };
		E9FDBAE0210F126C00F4773A /* WelcomeViewController.swift in Sources */ = {isa = PBXBuildFile; fileRef = E9FDBADF210F126C00F4773A /* WelcomeViewController.swift */; };
		E9FDBAE2210F2C8300F4773A /* VerficationCodeViewController.swift in Sources */ = {isa = PBXBuildFile; fileRef = E9FDBAE1210F2C8300F4773A /* VerficationCodeViewController.swift */; };
/* End PBXBuildFile section */

/* Begin PBXFileReference section */
		082E5FF12100B6C00081D26D /* ServiceDescriptionOneViewController.swift */ = {isa = PBXFileReference; lastKnownFileType = sourcecode.swift; path = ServiceDescriptionOneViewController.swift; sourceTree = "<group>"; };
		082E5FF32100B7340081D26D /* ServiceDescriptionTwoViewController.swift */ = {isa = PBXFileReference; lastKnownFileType = sourcecode.swift; path = ServiceDescriptionTwoViewController.swift; sourceTree = "<group>"; };
		08320ECF20FDE01400D98704 /* WeDo.app */ = {isa = PBXFileReference; explicitFileType = wrapper.application; includeInIndex = 0; path = WeDo.app; sourceTree = BUILT_PRODUCTS_DIR; };
		08320ED220FDE01400D98704 /* AppDelegate.swift */ = {isa = PBXFileReference; lastKnownFileType = sourcecode.swift; path = AppDelegate.swift; sourceTree = "<group>"; };
		08320EDA20FDE01400D98704 /* WeDo.xcdatamodel */ = {isa = PBXFileReference; lastKnownFileType = wrapper.xcdatamodel; path = WeDo.xcdatamodel; sourceTree = "<group>"; };
		08320EDC20FDE01F00D98704 /* Assets.xcassets */ = {isa = PBXFileReference; lastKnownFileType = folder.assetcatalog; path = Assets.xcassets; sourceTree = "<group>"; };
		08320EDF20FDE01F00D98704 /* Base */ = {isa = PBXFileReference; lastKnownFileType = file.storyboard; name = Base; path = Base.lproj/LaunchScreen.storyboard; sourceTree = "<group>"; };
		08320EE120FDE01F00D98704 /* Info.plist */ = {isa = PBXFileReference; lastKnownFileType = text.plist.xml; path = Info.plist; sourceTree = "<group>"; };
		08320EE820FDE49000D98704 /* LandingViewController.swift */ = {isa = PBXFileReference; lastKnownFileType = sourcecode.swift; path = LandingViewController.swift; sourceTree = "<group>"; };
		08320EEC20FDEBC000D98704 /* HomeViewController.swift */ = {isa = PBXFileReference; lastKnownFileType = sourcecode.swift; path = HomeViewController.swift; sourceTree = "<group>"; };
		08320EEF20FDF2AF00D98704 /* Slider.swift */ = {isa = PBXFileReference; lastKnownFileType = sourcecode.swift; path = Slider.swift; sourceTree = "<group>"; };
		08320EF220FDF30B00D98704 /* SliderCell.swift */ = {isa = PBXFileReference; lastKnownFileType = sourcecode.swift; path = SliderCell.swift; sourceTree = "<group>"; };
		08320EF520FDF37800D98704 /* SliderImages.swift */ = {isa = PBXFileReference; lastKnownFileType = sourcecode.swift; path = SliderImages.swift; sourceTree = "<group>"; };
		08320EF820FDF49500D98704 /* Helper.swift */ = {isa = PBXFileReference; lastKnownFileType = sourcecode.swift; path = Helper.swift; sourceTree = "<group>"; };
		08320EFA20FDF57400D98704 /* Config.swift */ = {isa = PBXFileReference; lastKnownFileType = sourcecode.swift; path = Config.swift; sourceTree = "<group>"; };
		083B2AF22109A372004F9A0F /* RegisterViewController.swift */ = {isa = PBXFileReference; lastKnownFileType = sourcecode.swift; path = RegisterViewController.swift; sourceTree = "<group>"; };
		083B2B152109BBD4004F9A0F /* LoginViewController.swift */ = {isa = PBXFileReference; lastKnownFileType = sourcecode.swift; path = LoginViewController.swift; sourceTree = "<group>"; };
		083B2B192109CCC3004F9A0F /* ActiveOrderTableViewCell.swift */ = {isa = PBXFileReference; lastKnownFileType = sourcecode.swift; path = ActiveOrderTableViewCell.swift; sourceTree = "<group>"; };
		083B2B1B2109EF4F004F9A0F /* ServiceDetailsViewController.swift */ = {isa = PBXFileReference; lastKnownFileType = sourcecode.swift; path = ServiceDetailsViewController.swift; sourceTree = "<group>"; };
		0847AFC1213BFE890054DE93 /* CalenderSelector.swift */ = {isa = PBXFileReference; lastKnownFileType = sourcecode.swift; path = CalenderSelector.swift; sourceTree = "<group>"; };
		0847AFC3213C05FD0054DE93 /* TImeCell.swift */ = {isa = PBXFileReference; lastKnownFileType = sourcecode.swift; path = TImeCell.swift; sourceTree = "<group>"; };
		084A03E320FF3CEB000E532E /* AllServicesListViewController.swift */ = {isa = PBXFileReference; lastKnownFileType = sourcecode.swift; path = AllServicesListViewController.swift; sourceTree = "<group>"; };
		084A03E520FF5104000E532E /* AllServicesListCollectionViewCell.swift */ = {isa = PBXFileReference; lastKnownFileType = sourcecode.swift; path = AllServicesListCollectionViewCell.swift; sourceTree = "<group>"; };
		084A03E720FF5A3F000E532E /* HorizontalCollectionViewCell.swift */ = {isa = PBXFileReference; lastKnownFileType = sourcecode.swift; path = HorizontalCollectionViewCell.swift; sourceTree = "<group>"; };
		084A03F120FF7813000E532E /* ServiceDetailsCell.swift */ = {isa = PBXFileReference; lastKnownFileType = sourcecode.swift; path = ServiceDetailsCell.swift; sourceTree = "<group>"; };
		084C9F2C213E5F5C0062C247 /* OpenSans-SemiBold.ttf */ = {isa = PBXFileReference; lastKnownFileType = file; path = "OpenSans-SemiBold.ttf"; sourceTree = "<group>"; };
		084C9F2D213E5F5C0062C247 /* OpenSans-LightItalic.ttf */ = {isa = PBXFileReference; lastKnownFileType = file; path = "OpenSans-LightItalic.ttf"; sourceTree = "<group>"; };
		084C9F2E213E5F5D0062C247 /* OpenSans-Regular.ttf */ = {isa = PBXFileReference; lastKnownFileType = file; path = "OpenSans-Regular.ttf"; sourceTree = "<group>"; };
		084C9F2F213E5F610062C247 /* OpenSans-Bold.ttf */ = {isa = PBXFileReference; lastKnownFileType = file; path = "OpenSans-Bold.ttf"; sourceTree = "<group>"; };
		084C9F34213E62FC0062C247 /* RequestAServiceModel.swift */ = {isa = PBXFileReference; lastKnownFileType = sourcecode.swift; path = RequestAServiceModel.swift; sourceTree = "<group>"; };
		0861E8232141279400AC285E /* CompanyListModel.swift */ = {isa = PBXFileReference; lastKnownFileType = sourcecode.swift; path = CompanyListModel.swift; sourceTree = "<group>"; };
		0861E82521413AC200AC285E /* FAQTableViewCell.swift */ = {isa = PBXFileReference; lastKnownFileType = sourcecode.swift; path = FAQTableViewCell.swift; sourceTree = "<group>"; };
		08666542213D5B84003980BC /* MemberModel.swift */ = {isa = PBXFileReference; lastKnownFileType = sourcecode.swift; path = MemberModel.swift; sourceTree = "<group>"; };
		086E2FF4213FB678004FA13F /* ar */ = {isa = PBXFileReference; lastKnownFileType = text.plist.strings; name = ar; path = ar.lproj/LaunchScreen.strings; sourceTree = "<group>"; };
		086E2FFE213FB7EE004FA13F /* en */ = {isa = PBXFileReference; lastKnownFileType = text.plist.strings; name = en; path = en.lproj/Localizable.strings; sourceTree = "<group>"; };
		086E3000213FB7F4004FA13F /* ar */ = {isa = PBXFileReference; lastKnownFileType = text.plist.strings; name = ar; path = ar.lproj/Localizable.strings; sourceTree = "<group>"; };
		086E3001213FCB79004FA13F /* NotificationViewController.swift */ = {isa = PBXFileReference; lastKnownFileType = sourcecode.swift; path = NotificationViewController.swift; sourceTree = "<group>"; };
		086E3003213FCD4C004FA13F /* HelpAndFAQViewController.swift */ = {isa = PBXFileReference; lastKnownFileType = sourcecode.swift; path = HelpAndFAQViewController.swift; sourceTree = "<group>"; };
		086E3005213FCDC6004FA13F /* ContactUsViewController.swift */ = {isa = PBXFileReference; lastKnownFileType = sourcecode.swift; path = ContactUsViewController.swift; sourceTree = "<group>"; };
		086E3007213FCDDC004FA13F /* EditProfileViewController.swift */ = {isa = PBXFileReference; lastKnownFileType = sourcecode.swift; path = EditProfileViewController.swift; sourceTree = "<group>"; };
		086E3009213FE9A6004FA13F /* ActiveOrderModel.swift */ = {isa = PBXFileReference; lastKnownFileType = sourcecode.swift; path = ActiveOrderModel.swift; sourceTree = "<group>"; };
		08743F45211846C50077C5EE /* WeDo-Bridging-Header.h */ = {isa = PBXFileReference; lastKnownFileType = sourcecode.c.h; path = "WeDo-Bridging-Header.h"; sourceTree = "<group>"; };
		08743F48211848190077C5EE /* Reachability.swift */ = {isa = PBXFileReference; lastKnownFileType = sourcecode.swift; path = Reachability.swift; sourceTree = "<group>"; };
		08743F4A2118491C0077C5EE /* Alert.swift */ = {isa = PBXFileReference; lastKnownFileType = sourcecode.swift; path = Alert.swift; sourceTree = "<group>"; };
		08743F4C211850B50077C5EE /* HTTPRequestHandler.swift */ = {isa = PBXFileReference; lastKnownFileType = sourcecode.swift; path = HTTPRequestHandler.swift; sourceTree = "<group>"; };
		08743F4E211862780077C5EE /* AreaModel.swift */ = {isa = PBXFileReference; lastKnownFileType = sourcecode.swift; path = AreaModel.swift; sourceTree = "<group>"; };
		08743F50211871600077C5EE /* ServiceModel.swift */ = {isa = PBXFileReference; lastKnownFileType = sourcecode.swift; path = ServiceModel.swift; sourceTree = "<group>"; };
		0885583D210DA2E800533A08 /* OrderHistoryTableViewCell.swift */ = {isa = PBXFileReference; lastKnownFileType = sourcecode.swift; path = OrderHistoryTableViewCell.swift; sourceTree = "<group>"; };
		0885583F210DA2FA00533A08 /* CompanyTableViewCell.swift */ = {isa = PBXFileReference; lastKnownFileType = sourcecode.swift; path = CompanyTableViewCell.swift; sourceTree = "<group>"; };
		08855841210DAFA200533A08 /* JobRequestListViewController.swift */ = {isa = PBXFileReference; lastKnownFileType = sourcecode.swift; path = JobRequestListViewController.swift; sourceTree = "<group>"; };
		08855843210DBC3E00533A08 /* JobRequestListTableViewCell.swift */ = {isa = PBXFileReference; lastKnownFileType = sourcecode.swift; path = JobRequestListTableViewCell.swift; sourceTree = "<group>"; };
		08855845210DD08000533A08 /* JobRequestDetails.swift */ = {isa = PBXFileReference; lastKnownFileType = sourcecode.swift; path = JobRequestDetails.swift; sourceTree = "<group>"; };
		1CD9AB98BE6B45E7F39176FA /* Pods-WeDo.release.xcconfig */ = {isa = PBXFileReference; includeInIndex = 1; lastKnownFileType = text.xcconfig; name = "Pods-WeDo.release.xcconfig"; path = "Pods/Target Support Files/Pods-WeDo/Pods-WeDo.release.xcconfig"; sourceTree = "<group>"; };
		49DB9D0DB3ABD83CB09CBC25 /* Pods-WeDo.debug.xcconfig */ = {isa = PBXFileReference; includeInIndex = 1; lastKnownFileType = text.xcconfig; name = "Pods-WeDo.debug.xcconfig"; path = "Pods/Target Support Files/Pods-WeDo/Pods-WeDo.debug.xcconfig"; sourceTree = "<group>"; };
		7775A154214D36000038C432 /* FaqViewController.swift */ = {isa = PBXFileReference; lastKnownFileType = sourcecode.swift; path = FaqViewController.swift; sourceTree = "<group>"; };
		7775A156214D37A40038C432 /* TermsConditionsViewController.swift */ = {isa = PBXFileReference; lastKnownFileType = sourcecode.swift; path = TermsConditionsViewController.swift; sourceTree = "<group>"; };
		7775A158214D37C80038C432 /* PrivacyPolicyViewController.swift */ = {isa = PBXFileReference; lastKnownFileType = sourcecode.swift; path = PrivacyPolicyViewController.swift; sourceTree = "<group>"; };
		7775A15B214D3ABA0038C432 /* SPLoginViewController.swift */ = {isa = PBXFileReference; lastKnownFileType = sourcecode.swift; path = SPLoginViewController.swift; sourceTree = "<group>"; };
		7775A15D214D44990038C432 /* SPRegisterViewController.swift */ = {isa = PBXFileReference; lastKnownFileType = sourcecode.swift; path = SPRegisterViewController.swift; sourceTree = "<group>"; };
		7775A163214D53F40038C432 /* SPRegisterCompanyViewController.swift */ = {isa = PBXFileReference; lastKnownFileType = sourcecode.swift; path = SPRegisterCompanyViewController.swift; sourceTree = "<group>"; };
		7775A165214D54220038C432 /* SPRegisterAddressViewController.swift */ = {isa = PBXFileReference; lastKnownFileType = sourcecode.swift; path = SPRegisterAddressViewController.swift; sourceTree = "<group>"; };
		7775A167214D56C80038C432 /* SPRegisterDateTimeViewController.swift */ = {isa = PBXFileReference; lastKnownFileType = sourcecode.swift; path = SPRegisterDateTimeViewController.swift; sourceTree = "<group>"; };
		7775A169214D56F10038C432 /* SPRegisterServicesViewController.swift */ = {isa = PBXFileReference; lastKnownFileType = sourcecode.swift; path = SPRegisterServicesViewController.swift; sourceTree = "<group>"; };
		7775A16B214DA1820038C432 /* WeekdaySelectCell.swift */ = {isa = PBXFileReference; lastKnownFileType = sourcecode.swift; path = WeekdaySelectCell.swift; sourceTree = "<group>"; };
		778F1330214E91F50042A212 /* SPLoginVerifyViewController.swift */ = {isa = PBXFileReference; lastKnownFileType = sourcecode.swift; path = SPLoginVerifyViewController.swift; sourceTree = "<group>"; };
		778F1332214EACA30042A212 /* SPHomeViewController.swift */ = {isa = PBXFileReference; lastKnownFileType = sourcecode.swift; path = SPHomeViewController.swift; sourceTree = "<group>"; };
		778F1334214EACDF0042A212 /* SPCurrentJobsViewController.swift */ = {isa = PBXFileReference; lastKnownFileType = sourcecode.swift; path = SPCurrentJobsViewController.swift; sourceTree = "<group>"; };
		778F1336214EAD0B0042A212 /* SPNewJobsViewController.swift */ = {isa = PBXFileReference; lastKnownFileType = sourcecode.swift; path = SPNewJobsViewController.swift; sourceTree = "<group>"; };
		778F1338214EAD350042A212 /* SPRequestedJobsViewController.swift */ = {isa = PBXFileReference; lastKnownFileType = sourcecode.swift; path = SPRequestedJobsViewController.swift; sourceTree = "<group>"; };
		778F133A214EB14C0042A212 /* SPJobCell.swift */ = {isa = PBXFileReference; lastKnownFileType = sourcecode.swift; path = SPJobCell.swift; sourceTree = "<group>"; };
		778F133C214EBC670042A212 /* SPCurrentJobDetailsViewController.swift */ = {isa = PBXFileReference; lastKnownFileType = sourcecode.swift; path = SPCurrentJobDetailsViewController.swift; sourceTree = "<group>"; };
		778F133E214EE9800042A212 /* SingleImageCell.swift */ = {isa = PBXFileReference; lastKnownFileType = sourcecode.swift; path = SingleImageCell.swift; sourceTree = "<group>"; };
		778F1340214EF42A0042A212 /* SPNewJobDetailsViewController.swift */ = {isa = PBXFileReference; lastKnownFileType = sourcecode.swift; path = SPNewJobDetailsViewController.swift; sourceTree = "<group>"; };
		778F1342214EF6810042A212 /* SPCustomerDetailCell.swift */ = {isa = PBXFileReference; lastKnownFileType = sourcecode.swift; path = SPCustomerDetailCell.swift; sourceTree = "<group>"; };
		778F1344214EFF350042A212 /* SPRequestedJobDetailsViewController.swift */ = {isa = PBXFileReference; lastKnownFileType = sourcecode.swift; path = SPRequestedJobDetailsViewController.swift; sourceTree = "<group>"; };
		77F0D25F2154090900E74DA3 /* SPProfileViewController.swift */ = {isa = PBXFileReference; lastKnownFileType = sourcecode.swift; path = SPProfileViewController.swift; sourceTree = "<group>"; };
		77F0D26121540E3F00E74DA3 /* SPProfileItemCell.swift */ = {isa = PBXFileReference; lastKnownFileType = sourcecode.swift; path = SPProfileItemCell.swift; sourceTree = "<group>"; };
		77F0D2632154114A00E74DA3 /* SPAccountViewController.swift */ = {isa = PBXFileReference; lastKnownFileType = sourcecode.swift; path = SPAccountViewController.swift; sourceTree = "<group>"; };
		77F0D265215528CF00E74DA3 /* SPBasicInformationViewController.swift */ = {isa = PBXFileReference; lastKnownFileType = sourcecode.swift; path = SPBasicInformationViewController.swift; sourceTree = "<group>"; };
		77F0D2672155344F00E74DA3 /* SPServiceHistoryViewController.swift */ = {isa = PBXFileReference; lastKnownFileType = sourcecode.swift; path = SPServiceHistoryViewController.swift; sourceTree = "<group>"; };
		77F0D269215541B800E74DA3 /* SPServiceHistoryDetailsViewController.swift */ = {isa = PBXFileReference; lastKnownFileType = sourcecode.swift; path = SPServiceHistoryDetailsViewController.swift; sourceTree = "<group>"; };
		77F0D26B2155454800E74DA3 /* SPContactViewController.swift */ = {isa = PBXFileReference; lastKnownFileType = sourcecode.swift; path = SPContactViewController.swift; sourceTree = "<group>"; };
		77F0D26D215556DC00E74DA3 /* SPContactModel.swift */ = {isa = PBXFileReference; lastKnownFileType = sourcecode.swift; path = SPContactModel.swift; sourceTree = "<group>"; };
		77F0D26F215561C900E74DA3 /* ServiceProviderModel.swift */ = {isa = PBXFileReference; lastKnownFileType = sourcecode.swift; path = ServiceProviderModel.swift; sourceTree = "<group>"; };
		77F0D2712155906800E74DA3 /* SPDashboardModel.swift */ = {isa = PBXFileReference; lastKnownFileType = sourcecode.swift; path = SPDashboardModel.swift; sourceTree = "<group>"; };
		77F0D27321567F8D00E74DA3 /* SPProfileModel.swift */ = {isa = PBXFileReference; lastKnownFileType = sourcecode.swift; path = SPProfileModel.swift; sourceTree = "<group>"; };
		77F0D275215697AE00E74DA3 /* SPServiceHistoryModel.swift */ = {isa = PBXFileReference; lastKnownFileType = sourcecode.swift; path = SPServiceHistoryModel.swift; sourceTree = "<group>"; };
		77F0D2772156A65400E74DA3 /* SPServicesModel.swift */ = {isa = PBXFileReference; lastKnownFileType = sourcecode.swift; path = SPServicesModel.swift; sourceTree = "<group>"; };
		77F0D2792156B11900E74DA3 /* SPServiceHeaderCell.swift */ = {isa = PBXFileReference; lastKnownFileType = sourcecode.swift; path = SPServiceHeaderCell.swift; sourceTree = "<group>"; };
		77F0D27B2156C88D00E74DA3 /* SimpleTableCell.swift */ = {isa = PBXFileReference; lastKnownFileType = sourcecode.swift; path = SimpleTableCell.swift; sourceTree = "<group>"; };
		7B09321FB70B88967EE31BF0 /* Pods_WeDo.framework */ = {isa = PBXFileReference; explicitFileType = wrapper.framework; includeInIndex = 0; path = Pods_WeDo.framework; sourceTree = BUILT_PRODUCTS_DIR; };
		E912818121033BBF0010A242 /* ServiceLocationOneViewController.swift */ = {isa = PBXFileReference; lastKnownFileType = sourcecode.swift; path = ServiceLocationOneViewController.swift; sourceTree = "<group>"; };
		E912818521033C030010A242 /* ServiceDateAndTimeOneviewController.swift */ = {isa = PBXFileReference; lastKnownFileType = sourcecode.swift; path = ServiceDateAndTimeOneviewController.swift; sourceTree = "<group>"; };
		E912818721033C1A0010A242 /* ServicePaymentOneViewController.swift */ = {isa = PBXFileReference; lastKnownFileType = sourcecode.swift; path = ServicePaymentOneViewController.swift; sourceTree = "<group>"; };
		E912818B2103642F0010A242 /* ServiceRequestImageCell.swift */ = {isa = PBXFileReference; lastKnownFileType = sourcecode.swift; path = ServiceRequestImageCell.swift; sourceTree = "<group>"; };
		E912818D2103C3CF0010A242 /* PaddedText.swift */ = {isa = PBXFileReference; lastKnownFileType = sourcecode.swift; path = PaddedText.swift; sourceTree = "<group>"; };
		E98CCFE320FE797100799029 /* MasterCollectionViewCell.swift */ = {isa = PBXFileReference; lastKnownFileType = sourcecode.swift; path = MasterCollectionViewCell.swift; sourceTree = "<group>"; };
		E98CCFE520FE79BC00799029 /* ServiceCell.swift */ = {isa = PBXFileReference; lastKnownFileType = sourcecode.swift; path = ServiceCell.swift; sourceTree = "<group>"; };
		E98CCFE720FE7D1B00799029 /* Menu.swift */ = {isa = PBXFileReference; lastKnownFileType = sourcecode.swift; path = Menu.swift; sourceTree = "<group>"; };
		E98CCFEA20FE7D7200799029 /* MenuCell.swift */ = {isa = PBXFileReference; lastKnownFileType = sourcecode.swift; path = MenuCell.swift; sourceTree = "<group>"; };
		E9A8CE3F210E35E200F4FDF4 /* CustomerSettingsViewController.swift */ = {isa = PBXFileReference; lastKnownFileType = sourcecode.swift; path = CustomerSettingsViewController.swift; sourceTree = "<group>"; };
		E9A8CE7B210E4BEE00F4FDF4 /* Selector.swift */ = {isa = PBXFileReference; lastKnownFileType = sourcecode.swift; path = Selector.swift; sourceTree = "<group>"; };
		E9A8CE7D210E4C4200F4FDF4 /* SelectorCell.swift */ = {isa = PBXFileReference; lastKnownFileType = sourcecode.swift; path = SelectorCell.swift; sourceTree = "<group>"; };
		E9A8CE7F210E4CD200F4FDF4 /* SelectorModel.swift */ = {isa = PBXFileReference; lastKnownFileType = sourcecode.swift; path = SelectorModel.swift; sourceTree = "<group>"; };
		E9F10164210A6C34007CEE7F /* ActiveOrderViewController.swift */ = {isa = PBXFileReference; lastKnownFileType = sourcecode.swift; path = ActiveOrderViewController.swift; sourceTree = "<group>"; };
		E9F10166210A6C8A007CEE7F /* OrderHistoryViewController.swift */ = {isa = PBXFileReference; lastKnownFileType = sourcecode.swift; path = OrderHistoryViewController.swift; sourceTree = "<group>"; };
		E9F10168210A6C9D007CEE7F /* CompanyViewController.swift */ = {isa = PBXFileReference; lastKnownFileType = sourcecode.swift; path = CompanyViewController.swift; sourceTree = "<group>"; };
		E9FDBADF210F126C00F4773A /* WelcomeViewController.swift */ = {isa = PBXFileReference; lastKnownFileType = sourcecode.swift; path = WelcomeViewController.swift; sourceTree = "<group>"; };
		E9FDBAE1210F2C8300F4773A /* VerficationCodeViewController.swift */ = {isa = PBXFileReference; lastKnownFileType = sourcecode.swift; path = VerficationCodeViewController.swift; sourceTree = "<group>"; };
/* End PBXFileReference section */

/* Begin PBXFrameworksBuildPhase section */
		08320ECC20FDE01400D98704 /* Frameworks */ = {
			isa = PBXFrameworksBuildPhase;
			buildActionMask = 2147483647;
			files = (
				854CEC902907D94E1A3E5786 /* Pods_WeDo.framework in Frameworks */,
			);
			runOnlyForDeploymentPostprocessing = 0;
		};
/* End PBXFrameworksBuildPhase section */

/* Begin PBXGroup section */
		08320EC620FDE01400D98704 = {
			isa = PBXGroup;
			children = (
				08320ED120FDE01400D98704 /* WeDo */,
				08320ED020FDE01400D98704 /* Products */,
				25776C88FDB7AD1E262E4081 /* Pods */,
				99CBE29B4F33FF18FD8C6563 /* Frameworks */,
			);
			sourceTree = "<group>";
		};
		08320ED020FDE01400D98704 /* Products */ = {
			isa = PBXGroup;
			children = (
				08320ECF20FDE01400D98704 /* WeDo.app */,
			);
			name = Products;
			sourceTree = "<group>";
		};
		08320ED120FDE01400D98704 /* WeDo */ = {
			isa = PBXGroup;
			children = (
				E98CCFEC20FE89ED00799029 /* Resources */,
				08320EF720FDF48700D98704 /* Utility */,
				08320EF420FDF36800D98704 /* Models */,
				08320EEE20FDF2A300D98704 /* Views */,
				08320EE720FDE47700D98704 /* Controllers */,
				08320ED220FDE01400D98704 /* AppDelegate.swift */,
				08320EDC20FDE01F00D98704 /* Assets.xcassets */,
				08320EDE20FDE01F00D98704 /* LaunchScreen.storyboard */,
				08320EE120FDE01F00D98704 /* Info.plist */,
				08320ED920FDE01400D98704 /* WeDo.xcdatamodeld */,
				08743F45211846C50077C5EE /* WeDo-Bridging-Header.h */,
				086E2FFF213FB7EE004FA13F /* Localizable.strings */,
			);
			path = WeDo;
			sourceTree = "<group>";
		};
		08320EE720FDE47700D98704 /* Controllers */ = {
			isa = PBXGroup;
			children = (
				7775A15A214D3A970038C432 /* Service Provider */,
				08320EE820FDE49000D98704 /* LandingViewController.swift */,
				08320EEC20FDEBC000D98704 /* HomeViewController.swift */,
				084A03E320FF3CEB000E532E /* AllServicesListViewController.swift */,
				082E5FF12100B6C00081D26D /* ServiceDescriptionOneViewController.swift */,
				082E5FF32100B7340081D26D /* ServiceDescriptionTwoViewController.swift */,
				E912818121033BBF0010A242 /* ServiceLocationOneViewController.swift */,
				E912818521033C030010A242 /* ServiceDateAndTimeOneviewController.swift */,
				E912818721033C1A0010A242 /* ServicePaymentOneViewController.swift */,
				083B2AF22109A372004F9A0F /* RegisterViewController.swift */,
				083B2B152109BBD4004F9A0F /* LoginViewController.swift */,
				083B2B1B2109EF4F004F9A0F /* ServiceDetailsViewController.swift */,
				E9F10164210A6C34007CEE7F /* ActiveOrderViewController.swift */,
				E9F10166210A6C8A007CEE7F /* OrderHistoryViewController.swift */,
				E9F10168210A6C9D007CEE7F /* CompanyViewController.swift */,
				08855841210DAFA200533A08 /* JobRequestListViewController.swift */,
				08855845210DD08000533A08 /* JobRequestDetails.swift */,
				E9A8CE3F210E35E200F4FDF4 /* CustomerSettingsViewController.swift */,
				E9FDBADF210F126C00F4773A /* WelcomeViewController.swift */,
				E9FDBAE1210F2C8300F4773A /* VerficationCodeViewController.swift */,
				086E3001213FCB79004FA13F /* NotificationViewController.swift */,
				086E3003213FCD4C004FA13F /* HelpAndFAQViewController.swift */,
				086E3005213FCDC6004FA13F /* ContactUsViewController.swift */,
				086E3007213FCDDC004FA13F /* EditProfileViewController.swift */,
				7775A154214D36000038C432 /* FaqViewController.swift */,
				7775A156214D37A40038C432 /* TermsConditionsViewController.swift */,
				7775A158214D37C80038C432 /* PrivacyPolicyViewController.swift */,
			);
			path = Controllers;
			sourceTree = "<group>";
		};
		08320EEE20FDF2A300D98704 /* Views */ = {
			isa = PBXGroup;
			children = (
				E98CCFE920FE7D5C00799029 /* TableViewCells */,
				08320EF120FDF2F200D98704 /* CollectionViewCells */,
				08320EEF20FDF2AF00D98704 /* Slider.swift */,
				E98CCFE720FE7D1B00799029 /* Menu.swift */,
				E9A8CE7B210E4BEE00F4FDF4 /* Selector.swift */,
				0847AFC1213BFE890054DE93 /* CalenderSelector.swift */,
			);
			path = Views;
			sourceTree = "<group>";
		};
		08320EF120FDF2F200D98704 /* CollectionViewCells */ = {
			isa = PBXGroup;
			children = (
				08320EF220FDF30B00D98704 /* SliderCell.swift */,
				E98CCFE320FE797100799029 /* MasterCollectionViewCell.swift */,
				E98CCFE520FE79BC00799029 /* ServiceCell.swift */,
				084A03E520FF5104000E532E /* AllServicesListCollectionViewCell.swift */,
				084A03E720FF5A3F000E532E /* HorizontalCollectionViewCell.swift */,
				E912818B2103642F0010A242 /* ServiceRequestImageCell.swift */,
				0847AFC3213C05FD0054DE93 /* TImeCell.swift */,
				7775A16B214DA1820038C432 /* WeekdaySelectCell.swift */,
				778F133A214EB14C0042A212 /* SPJobCell.swift */,
				778F133E214EE9800042A212 /* SingleImageCell.swift */,
				778F1342214EF6810042A212 /* SPCustomerDetailCell.swift */,
				77F0D26121540E3F00E74DA3 /* SPProfileItemCell.swift */,
			);
			path = CollectionViewCells;
			sourceTree = "<group>";
		};
		08320EF420FDF36800D98704 /* Models */ = {
			isa = PBXGroup;
			children = (
				08320EF520FDF37800D98704 /* SliderImages.swift */,
				E9A8CE7F210E4CD200F4FDF4 /* SelectorModel.swift */,
				08743F4E211862780077C5EE /* AreaModel.swift */,
				08743F50211871600077C5EE /* ServiceModel.swift */,
				08666542213D5B84003980BC /* MemberModel.swift */,
				084C9F34213E62FC0062C247 /* RequestAServiceModel.swift */,
				086E3009213FE9A6004FA13F /* ActiveOrderModel.swift */,
				0861E8232141279400AC285E /* CompanyListModel.swift */,
				77F0D26D215556DC00E74DA3 /* SPContactModel.swift */,
				77F0D26F215561C900E74DA3 /* ServiceProviderModel.swift */,
				77F0D2712155906800E74DA3 /* SPDashboardModel.swift */,
				77F0D27321567F8D00E74DA3 /* SPProfileModel.swift */,
				77F0D275215697AE00E74DA3 /* SPServiceHistoryModel.swift */,
				77F0D2772156A65400E74DA3 /* SPServicesModel.swift */,
			);
			path = Models;
			sourceTree = "<group>";
		};
		08320EF720FDF48700D98704 /* Utility */ = {
			isa = PBXGroup;
			children = (
				08320EF820FDF49500D98704 /* Helper.swift */,
				08320EFA20FDF57400D98704 /* Config.swift */,
				E912818D2103C3CF0010A242 /* PaddedText.swift */,
				08743F48211848190077C5EE /* Reachability.swift */,
				08743F4A2118491C0077C5EE /* Alert.swift */,
				08743F4C211850B50077C5EE /* HTTPRequestHandler.swift */,
			);
			path = Utility;
			sourceTree = "<group>";
		};
		084C9F2B213E5EBE0062C247 /* Fonts */ = {
			isa = PBXGroup;
			children = (
				084C9F2F213E5F610062C247 /* OpenSans-Bold.ttf */,
				084C9F2D213E5F5C0062C247 /* OpenSans-LightItalic.ttf */,
				084C9F2E213E5F5D0062C247 /* OpenSans-Regular.ttf */,
				084C9F2C213E5F5C0062C247 /* OpenSans-SemiBold.ttf */,
			);
			path = Fonts;
			sourceTree = "<group>";
		};
		25776C88FDB7AD1E262E4081 /* Pods */ = {
			isa = PBXGroup;
			children = (
				49DB9D0DB3ABD83CB09CBC25 /* Pods-WeDo.debug.xcconfig */,
				1CD9AB98BE6B45E7F39176FA /* Pods-WeDo.release.xcconfig */,
			);
			name = Pods;
			sourceTree = "<group>";
		};
		7775A15A214D3A970038C432 /* Service Provider */ = {
			isa = PBXGroup;
			children = (
				7775A15B214D3ABA0038C432 /* SPLoginViewController.swift */,
				7775A15D214D44990038C432 /* SPRegisterViewController.swift */,
				7775A163214D53F40038C432 /* SPRegisterCompanyViewController.swift */,
				7775A165214D54220038C432 /* SPRegisterAddressViewController.swift */,
				7775A167214D56C80038C432 /* SPRegisterDateTimeViewController.swift */,
				7775A169214D56F10038C432 /* SPRegisterServicesViewController.swift */,
				778F1330214E91F50042A212 /* SPLoginVerifyViewController.swift */,
				778F1332214EACA30042A212 /* SPHomeViewController.swift */,
				778F1334214EACDF0042A212 /* SPCurrentJobsViewController.swift */,
				778F1336214EAD0B0042A212 /* SPNewJobsViewController.swift */,
				778F1338214EAD350042A212 /* SPRequestedJobsViewController.swift */,
				778F133C214EBC670042A212 /* SPCurrentJobDetailsViewController.swift */,
				778F1340214EF42A0042A212 /* SPNewJobDetailsViewController.swift */,
				778F1344214EFF350042A212 /* SPRequestedJobDetailsViewController.swift */,
				77F0D25F2154090900E74DA3 /* SPProfileViewController.swift */,
				77F0D2632154114A00E74DA3 /* SPAccountViewController.swift */,
				77F0D265215528CF00E74DA3 /* SPBasicInformationViewController.swift */,
				77F0D2672155344F00E74DA3 /* SPServiceHistoryViewController.swift */,
				77F0D269215541B800E74DA3 /* SPServiceHistoryDetailsViewController.swift */,
				77F0D26B2155454800E74DA3 /* SPContactViewController.swift */,
			);
			path = "Service Provider";
			sourceTree = "<group>";
		};
		99CBE29B4F33FF18FD8C6563 /* Frameworks */ = {
			isa = PBXGroup;
			children = (
				7B09321FB70B88967EE31BF0 /* Pods_WeDo.framework */,
			);
			name = Frameworks;
			sourceTree = "<group>";
		};
		E98CCFE920FE7D5C00799029 /* TableViewCells */ = {
			isa = PBXGroup;
			children = (
				E98CCFEA20FE7D7200799029 /* MenuCell.swift */,
				084A03F120FF7813000E532E /* ServiceDetailsCell.swift */,
				083B2B192109CCC3004F9A0F /* ActiveOrderTableViewCell.swift */,
				0885583D210DA2E800533A08 /* OrderHistoryTableViewCell.swift */,
				0885583F210DA2FA00533A08 /* CompanyTableViewCell.swift */,
				08855843210DBC3E00533A08 /* JobRequestListTableViewCell.swift */,
				E9A8CE7D210E4C4200F4FDF4 /* SelectorCell.swift */,
				0861E82521413AC200AC285E /* FAQTableViewCell.swift */,
				77F0D2792156B11900E74DA3 /* SPServiceHeaderCell.swift */,
				77F0D27B2156C88D00E74DA3 /* SimpleTableCell.swift */,
			);
			path = TableViewCells;
			sourceTree = "<group>";
		};
		E98CCFEC20FE89ED00799029 /* Resources */ = {
			isa = PBXGroup;
			children = (
				084C9F2B213E5EBE0062C247 /* Fonts */,
			);
			path = Resources;
			sourceTree = "<group>";
		};
/* End PBXGroup section */

/* Begin PBXNativeTarget section */
		08320ECE20FDE01400D98704 /* WeDo */ = {
			isa = PBXNativeTarget;
			buildConfigurationList = 08320EE420FDE01F00D98704 /* Build configuration list for PBXNativeTarget "WeDo" */;
			buildPhases = (
				744B5673C822761348067BD3 /* [CP] Check Pods Manifest.lock */,
				08320ECB20FDE01400D98704 /* Sources */,
				08320ECC20FDE01400D98704 /* Frameworks */,
				08320ECD20FDE01400D98704 /* Resources */,
				082AAD249757B29ED100D726 /* [CP] Embed Pods Frameworks */,
				EFAC8018BB14D90016BAFF08 /* [CP] Copy Pods Resources */,
			);
			buildRules = (
			);
			dependencies = (
			);
			name = WeDo;
			productName = WeDo;
			productReference = 08320ECF20FDE01400D98704 /* WeDo.app */;
			productType = "com.apple.product-type.application";
		};
/* End PBXNativeTarget section */

/* Begin PBXProject section */
		08320EC720FDE01400D98704 /* Project object */ = {
			isa = PBXProject;
			attributes = {
				LastSwiftUpdateCheck = 0940;
				LastUpgradeCheck = 0940;
				ORGANIZATIONNAME = Creativeitem;
				TargetAttributes = {
					08320ECE20FDE01400D98704 = {
						CreatedOnToolsVersion = 9.4;
						LastSwiftMigration = 0940;
					};
				};
			};
			buildConfigurationList = 08320ECA20FDE01400D98704 /* Build configuration list for PBXProject "WeDo" */;
			compatibilityVersion = "Xcode 9.3";
			developmentRegion = en;
			hasScannedForEncodings = 0;
			knownRegions = (
				en,
				Base,
				ar,
			);
			mainGroup = 08320EC620FDE01400D98704;
			productRefGroup = 08320ED020FDE01400D98704 /* Products */;
			projectDirPath = "";
			projectRoot = "";
			targets = (
				08320ECE20FDE01400D98704 /* WeDo */,
			);
		};
/* End PBXProject section */

/* Begin PBXResourcesBuildPhase section */
		08320ECD20FDE01400D98704 /* Resources */ = {
			isa = PBXResourcesBuildPhase;
			buildActionMask = 2147483647;
			files = (
				084C9F32213E5F610062C247 /* OpenSans-Regular.ttf in Resources */,
				08320EE020FDE01F00D98704 /* LaunchScreen.storyboard in Resources */,
				084C9F33213E5F610062C247 /* OpenSans-Bold.ttf in Resources */,
				086E2FFD213FB7EE004FA13F /* Localizable.strings in Resources */,
				084C9F30213E5F610062C247 /* OpenSans-SemiBold.ttf in Resources */,
				084C9F31213E5F610062C247 /* OpenSans-LightItalic.ttf in Resources */,
				08320EDD20FDE01F00D98704 /* Assets.xcassets in Resources */,
			);
			runOnlyForDeploymentPostprocessing = 0;
		};
/* End PBXResourcesBuildPhase section */

/* Begin PBXShellScriptBuildPhase section */
		082AAD249757B29ED100D726 /* [CP] Embed Pods Frameworks */ = {
			isa = PBXShellScriptBuildPhase;
			buildActionMask = 2147483647;
			files = (
			);
			inputPaths = (
				"${SRCROOT}/Pods/Target Support Files/Pods-WeDo/Pods-WeDo-frameworks.sh",
				"${BUILT_PRODUCTS_DIR}/Alamofire/Alamofire.framework",
				"${BUILT_PRODUCTS_DIR}/BouncyLayout/BouncyLayout.framework",
				"${BUILT_PRODUCTS_DIR}/HCSStarRatingView/HCSStarRatingView.framework",
				"${BUILT_PRODUCTS_DIR}/LIHImageSlider/LIHImageSlider.framework",
				"${BUILT_PRODUCTS_DIR}/Localize-Swift/Localize_Swift.framework",
				"${BUILT_PRODUCTS_DIR}/Pager/Pager.framework",
				"${BUILT_PRODUCTS_DIR}/RAMPaperSwitch/RAMPaperSwitch.framework",
				"${BUILT_PRODUCTS_DIR}/SDWebImage/SDWebImage.framework",
				"${BUILT_PRODUCTS_DIR}/SVProgressHUD/SVProgressHUD.framework",
			);
			name = "[CP] Embed Pods Frameworks";
			outputPaths = (
				"${TARGET_BUILD_DIR}/${FRAMEWORKS_FOLDER_PATH}/Alamofire.framework",
				"${TARGET_BUILD_DIR}/${FRAMEWORKS_FOLDER_PATH}/BouncyLayout.framework",
				"${TARGET_BUILD_DIR}/${FRAMEWORKS_FOLDER_PATH}/HCSStarRatingView.framework",
				"${TARGET_BUILD_DIR}/${FRAMEWORKS_FOLDER_PATH}/LIHImageSlider.framework",
				"${TARGET_BUILD_DIR}/${FRAMEWORKS_FOLDER_PATH}/Localize_Swift.framework",
				"${TARGET_BUILD_DIR}/${FRAMEWORKS_FOLDER_PATH}/Pager.framework",
				"${TARGET_BUILD_DIR}/${FRAMEWORKS_FOLDER_PATH}/RAMPaperSwitch.framework",
				"${TARGET_BUILD_DIR}/${FRAMEWORKS_FOLDER_PATH}/SDWebImage.framework",
				"${TARGET_BUILD_DIR}/${FRAMEWORKS_FOLDER_PATH}/SVProgressHUD.framework",
			);
			runOnlyForDeploymentPostprocessing = 0;
			shellPath = /bin/sh;
			shellScript = "\"${SRCROOT}/Pods/Target Support Files/Pods-WeDo/Pods-WeDo-frameworks.sh\"\n";
			showEnvVarsInLog = 0;
		};
		744B5673C822761348067BD3 /* [CP] Check Pods Manifest.lock */ = {
			isa = PBXShellScriptBuildPhase;
			buildActionMask = 2147483647;
			files = (
			);
			inputPaths = (
				"${PODS_PODFILE_DIR_PATH}/Podfile.lock",
				"${PODS_ROOT}/Manifest.lock",
			);
			name = "[CP] Check Pods Manifest.lock";
			outputPaths = (
				"$(DERIVED_FILE_DIR)/Pods-WeDo-checkManifestLockResult.txt",
			);
			runOnlyForDeploymentPostprocessing = 0;
			shellPath = /bin/sh;
			shellScript = "diff \"${PODS_PODFILE_DIR_PATH}/Podfile.lock\" \"${PODS_ROOT}/Manifest.lock\" > /dev/null\nif [ $? != 0 ] ; then\n    # print error to STDERR\n    echo \"error: The sandbox is not in sync with the Podfile.lock. Run 'pod install' or update your CocoaPods installation.\" >&2\n    exit 1\nfi\n# This output is used by Xcode 'outputs' to avoid re-running this script phase.\necho \"SUCCESS\" > \"${SCRIPT_OUTPUT_FILE_0}\"\n";
			showEnvVarsInLog = 0;
		};
		EFAC8018BB14D90016BAFF08 /* [CP] Copy Pods Resources */ = {
			isa = PBXShellScriptBuildPhase;
			buildActionMask = 2147483647;
			files = (
			);
			inputPaths = (
				"${SRCROOT}/Pods/Target Support Files/Pods-WeDo/Pods-WeDo-resources.sh",
				"${PODS_ROOT}/GoogleMaps/Maps/Frameworks/GoogleMaps.framework/Resources/GoogleMaps.bundle",
				"${PODS_ROOT}/GooglePlaces/Frameworks/GooglePlaces.framework/Resources/GooglePlaces.bundle",
			);
			name = "[CP] Copy Pods Resources";
			outputPaths = (
				"${TARGET_BUILD_DIR}/${UNLOCALIZED_RESOURCES_FOLDER_PATH}/GoogleMaps.bundle",
				"${TARGET_BUILD_DIR}/${UNLOCALIZED_RESOURCES_FOLDER_PATH}/GooglePlaces.bundle",
			);
			runOnlyForDeploymentPostprocessing = 0;
			shellPath = /bin/sh;
			shellScript = "\"${SRCROOT}/Pods/Target Support Files/Pods-WeDo/Pods-WeDo-resources.sh\"\n";
			showEnvVarsInLog = 0;
		};
/* End PBXShellScriptBuildPhase section */

/* Begin PBXSourcesBuildPhase section */
		08320ECB20FDE01400D98704 /* Sources */ = {
			isa = PBXSourcesBuildPhase;
			buildActionMask = 2147483647;
			files = (
				7775A159214D37C80038C432 /* PrivacyPolicyViewController.swift in Sources */,
				082E5FF22100B6C00081D26D /* ServiceDescriptionOneViewController.swift in Sources */,
				778F1333214EACA30042A212 /* SPHomeViewController.swift in Sources */,
				77F0D26221540E3F00E74DA3 /* SPProfileItemCell.swift in Sources */,
				08320EDB20FDE01400D98704 /* WeDo.xcdatamodeld in Sources */,
				E9A8CE40210E35E200F4FDF4 /* CustomerSettingsViewController.swift in Sources */,
				7775A155214D36000038C432 /* FaqViewController.swift in Sources */,
				77F0D2722155906800E74DA3 /* SPDashboardModel.swift in Sources */,
				08855842210DAFA200533A08 /* JobRequestListViewController.swift in Sources */,
				0861E82621413AC200AC285E /* FAQTableViewCell.swift in Sources */,
				7775A166214D54220038C432 /* SPRegisterAddressViewController.swift in Sources */,
				7775A15C214D3ABA0038C432 /* SPLoginViewController.swift in Sources */,
				08743F49211848190077C5EE /* Reachability.swift in Sources */,
				778F1345214EFF350042A212 /* SPRequestedJobDetailsViewController.swift in Sources */,
				08320EE920FDE49000D98704 /* LandingViewController.swift in Sources */,
				778F1331214E91F50042A212 /* SPLoginVerifyViewController.swift in Sources */,
				08855846210DD08000533A08 /* JobRequestDetails.swift in Sources */,
				77F0D26A215541B800E74DA3 /* SPServiceHistoryDetailsViewController.swift in Sources */,
				08320EFB20FDF57400D98704 /* Config.swift in Sources */,
				08743F4F211862780077C5EE /* AreaModel.swift in Sources */,
				7775A16A214D56F10038C432 /* SPRegisterServicesViewController.swift in Sources */,
				08855840210DA2FA00533A08 /* CompanyTableViewCell.swift in Sources */,
				77F0D2682155344F00E74DA3 /* SPServiceHistoryViewController.swift in Sources */,
				08743F51211871600077C5EE /* ServiceModel.swift in Sources */,
				08666543213D5B84003980BC /* MemberModel.swift in Sources */,
				77F0D27A2156B11900E74DA3 /* SPServiceHeaderCell.swift in Sources */,
				08320ED320FDE01400D98704 /* AppDelegate.swift in Sources */,
				778F133F214EE9800042A212 /* SingleImageCell.swift in Sources */,
				77F0D270215561C900E74DA3 /* ServiceProviderModel.swift in Sources */,
				E912818C2103642F0010A242 /* ServiceRequestImageCell.swift in Sources */,
				E98CCFE420FE797100799029 /* MasterCollectionViewCell.swift in Sources */,
				08320EED20FDEBC000D98704 /* HomeViewController.swift in Sources */,
				E9A8CE7C210E4BEE00F4FDF4 /* Selector.swift in Sources */,
				77F0D2602154090900E74DA3 /* SPProfileViewController.swift in Sources */,
				0847AFC2213BFE890054DE93 /* CalenderSelector.swift in Sources */,
				77F0D266215528CF00E74DA3 /* SPBasicInformationViewController.swift in Sources */,
				778F1337214EAD0B0042A212 /* SPNewJobsViewController.swift in Sources */,
				E912818621033C030010A242 /* ServiceDateAndTimeOneviewController.swift in Sources */,
				E9FDBAE2210F2C8300F4773A /* VerficationCodeViewController.swift in Sources */,
				084A03E820FF5A3F000E532E /* HorizontalCollectionViewCell.swift in Sources */,
				08855844210DBC3E00533A08 /* JobRequestListTableViewCell.swift in Sources */,
				7775A16C214DA1820038C432 /* WeekdaySelectCell.swift in Sources */,
				778F133B214EB14C0042A212 /* SPJobCell.swift in Sources */,
				086E3002213FCB79004FA13F /* NotificationViewController.swift in Sources */,
				E9F10169210A6C9D007CEE7F /* CompanyViewController.swift in Sources */,
				778F1339214EAD350042A212 /* SPRequestedJobsViewController.swift in Sources */,
				778F1343214EF6810042A212 /* SPCustomerDetailCell.swift in Sources */,
				7775A157214D37A40038C432 /* TermsConditionsViewController.swift in Sources */,
				0885583E210DA2E800533A08 /* OrderHistoryTableViewCell.swift in Sources */,
				083B2B1A2109CCC3004F9A0F /* ActiveOrderTableViewCell.swift in Sources */,
				E912818E2103C3D00010A242 /* PaddedText.swift in Sources */,
				E9F10167210A6C8A007CEE7F /* OrderHistoryViewController.swift in Sources */,
				E912818221033BBF0010A242 /* ServiceLocationOneViewController.swift in Sources */,
				77F0D276215697AE00E74DA3 /* SPServiceHistoryModel.swift in Sources */,
				E98CCFE820FE7D1B00799029 /* Menu.swift in Sources */,
				E98CCFE620FE79BC00799029 /* ServiceCell.swift in Sources */,
				08743F4D211850B50077C5EE /* HTTPRequestHandler.swift in Sources */,
				E9A8CE80210E4CD200F4FDF4 /* SelectorModel.swift in Sources */,
				77F0D27421567F8D00E74DA3 /* SPProfileModel.swift in Sources */,
				086E3008213FCDDC004FA13F /* EditProfileViewController.swift in Sources */,
				77F0D26E215556DC00E74DA3 /* SPContactModel.swift in Sources */,
				77F0D2782156A65400E74DA3 /* SPServicesModel.swift in Sources */,
				084A03E420FF3CEB000E532E /* AllServicesListViewController.swift in Sources */,
				E9A8CE7E210E4C4200F4FDF4 /* SelectorCell.swift in Sources */,
				08320EF620FDF37800D98704 /* SliderImages.swift in Sources */,
				08743F4B2118491C0077C5EE /* Alert.swift in Sources */,
				083B2AF32109A372004F9A0F /* RegisterViewController.swift in Sources */,
				7775A15E214D44990038C432 /* SPRegisterViewController.swift in Sources */,
				084A03F220FF7813000E532E /* ServiceDetailsCell.swift in Sources */,
				77F0D2642154114A00E74DA3 /* SPAccountViewController.swift in Sources */,
				08320EF320FDF30B00D98704 /* SliderCell.swift in Sources */,
				E912818821033C1A0010A242 /* ServicePaymentOneViewController.swift in Sources */,
				086E300A213FE9A6004FA13F /* ActiveOrderModel.swift in Sources */,
				08320EF020FDF2AF00D98704 /* Slider.swift in Sources */,
				778F133D214EBC670042A212 /* SPCurrentJobDetailsViewController.swift in Sources */,
				778F1341214EF42A0042A212 /* SPNewJobDetailsViewController.swift in Sources */,
				E9FDBAE0210F126C00F4773A /* WelcomeViewController.swift in Sources */,
				77F0D26C2155454800E74DA3 /* SPContactViewController.swift in Sources */,
				E98CCFEB20FE7D7200799029 /* MenuCell.swift in Sources */,
				7775A168214D56C90038C432 /* SPRegisterDateTimeViewController.swift in Sources */,
				E9F10165210A6C34007CEE7F /* ActiveOrderViewController.swift in Sources */,
				082E5FF42100B7340081D26D /* ServiceDescriptionTwoViewController.swift in Sources */,
				77F0D27C2156C88D00E74DA3 /* SimpleTableCell.swift in Sources */,
				084C9F35213E62FC0062C247 /* RequestAServiceModel.swift in Sources */,
				08320EF920FDF49500D98704 /* Helper.swift in Sources */,
				083B2B162109BBD4004F9A0F /* LoginViewController.swift in Sources */,
				778F1335214EACDF0042A212 /* SPCurrentJobsViewController.swift in Sources */,
				083B2B1C2109EF4F004F9A0F /* ServiceDetailsViewController.swift in Sources */,
				086E3004213FCD4C004FA13F /* HelpAndFAQViewController.swift in Sources */,
				0847AFC4213C05FD0054DE93 /* TImeCell.swift in Sources */,
				084A03E620FF5104000E532E /* AllServicesListCollectionViewCell.swift in Sources */,
				0861E8242141279400AC285E /* CompanyListModel.swift in Sources */,
				7775A164214D53F40038C432 /* SPRegisterCompanyViewController.swift in Sources */,
				086E3006213FCDC6004FA13F /* ContactUsViewController.swift in Sources */,
			);
			runOnlyForDeploymentPostprocessing = 0;
		};
/* End PBXSourcesBuildPhase section */

/* Begin PBXVariantGroup section */
		08320EDE20FDE01F00D98704 /* LaunchScreen.storyboard */ = {
			isa = PBXVariantGroup;
			children = (
				08320EDF20FDE01F00D98704 /* Base */,
				086E2FF4213FB678004FA13F /* ar */,
			);
			name = LaunchScreen.storyboard;
			sourceTree = "<group>";
		};
		086E2FFF213FB7EE004FA13F /* Localizable.strings */ = {
			isa = PBXVariantGroup;
			children = (
				086E2FFE213FB7EE004FA13F /* en */,
				086E3000213FB7F4004FA13F /* ar */,
			);
			name = Localizable.strings;
			sourceTree = "<group>";
		};
/* End PBXVariantGroup section */

/* Begin XCBuildConfiguration section */
		08320EE220FDE01F00D98704 /* Debug */ = {
			isa = XCBuildConfiguration;
			buildSettings = {
				ALWAYS_SEARCH_USER_PATHS = NO;
				CLANG_ANALYZER_LOCALIZABILITY_NONLOCALIZED = YES;
				CLANG_ANALYZER_NONNULL = YES;
				CLANG_ANALYZER_NUMBER_OBJECT_CONVERSION = YES_AGGRESSIVE;
				CLANG_CXX_LANGUAGE_STANDARD = "gnu++14";
				CLANG_CXX_LIBRARY = "libc++";
				CLANG_ENABLE_MODULES = YES;
				CLANG_ENABLE_OBJC_ARC = YES;
				CLANG_ENABLE_OBJC_WEAK = YES;
				CLANG_WARN_BLOCK_CAPTURE_AUTORELEASING = YES;
				CLANG_WARN_BOOL_CONVERSION = YES;
				CLANG_WARN_COMMA = YES;
				CLANG_WARN_CONSTANT_CONVERSION = YES;
				CLANG_WARN_DEPRECATED_OBJC_IMPLEMENTATIONS = YES;
				CLANG_WARN_DIRECT_OBJC_ISA_USAGE = YES_ERROR;
				CLANG_WARN_DOCUMENTATION_COMMENTS = YES;
				CLANG_WARN_EMPTY_BODY = YES;
				CLANG_WARN_ENUM_CONVERSION = YES;
				CLANG_WARN_INFINITE_RECURSION = YES;
				CLANG_WARN_INT_CONVERSION = YES;
				CLANG_WARN_NON_LITERAL_NULL_CONVERSION = YES;
				CLANG_WARN_OBJC_IMPLICIT_RETAIN_SELF = YES;
				CLANG_WARN_OBJC_LITERAL_CONVERSION = YES;
				CLANG_WARN_OBJC_ROOT_CLASS = YES_ERROR;
				CLANG_WARN_RANGE_LOOP_ANALYSIS = YES;
				CLANG_WARN_STRICT_PROTOTYPES = YES;
				CLANG_WARN_SUSPICIOUS_MOVE = YES;
				CLANG_WARN_UNGUARDED_AVAILABILITY = YES_AGGRESSIVE;
				CLANG_WARN_UNREACHABLE_CODE = YES;
				CLANG_WARN__DUPLICATE_METHOD_MATCH = YES;
				CODE_SIGN_IDENTITY = "iPhone Developer";
				COPY_PHASE_STRIP = NO;
				DEBUG_INFORMATION_FORMAT = dwarf;
				ENABLE_STRICT_OBJC_MSGSEND = YES;
				ENABLE_TESTABILITY = YES;
				GCC_C_LANGUAGE_STANDARD = gnu11;
				GCC_DYNAMIC_NO_PIC = NO;
				GCC_NO_COMMON_BLOCKS = YES;
				GCC_OPTIMIZATION_LEVEL = 0;
				GCC_PREPROCESSOR_DEFINITIONS = (
					"DEBUG=1",
					"$(inherited)",
				);
				GCC_WARN_64_TO_32_BIT_CONVERSION = YES;
				GCC_WARN_ABOUT_RETURN_TYPE = YES_ERROR;
				GCC_WARN_UNDECLARED_SELECTOR = YES;
				GCC_WARN_UNINITIALIZED_AUTOS = YES_AGGRESSIVE;
				GCC_WARN_UNUSED_FUNCTION = YES;
				GCC_WARN_UNUSED_VARIABLE = YES;
				IPHONEOS_DEPLOYMENT_TARGET = 11.4;
				MTL_ENABLE_DEBUG_INFO = YES;
				ONLY_ACTIVE_ARCH = YES;
				SDKROOT = iphoneos;
				SWIFT_ACTIVE_COMPILATION_CONDITIONS = DEBUG;
				SWIFT_OPTIMIZATION_LEVEL = "-Onone";
			};
			name = Debug;
		};
		08320EE320FDE01F00D98704 /* Release */ = {
			isa = XCBuildConfiguration;
			buildSettings = {
				ALWAYS_SEARCH_USER_PATHS = NO;
				CLANG_ANALYZER_LOCALIZABILITY_NONLOCALIZED = YES;
				CLANG_ANALYZER_NONNULL = YES;
				CLANG_ANALYZER_NUMBER_OBJECT_CONVERSION = YES_AGGRESSIVE;
				CLANG_CXX_LANGUAGE_STANDARD = "gnu++14";
				CLANG_CXX_LIBRARY = "libc++";
				CLANG_ENABLE_MODULES = YES;
				CLANG_ENABLE_OBJC_ARC = YES;
				CLANG_ENABLE_OBJC_WEAK = YES;
				CLANG_WARN_BLOCK_CAPTURE_AUTORELEASING = YES;
				CLANG_WARN_BOOL_CONVERSION = YES;
				CLANG_WARN_COMMA = YES;
				CLANG_WARN_CONSTANT_CONVERSION = YES;
				CLANG_WARN_DEPRECATED_OBJC_IMPLEMENTATIONS = YES;
				CLANG_WARN_DIRECT_OBJC_ISA_USAGE = YES_ERROR;
				CLANG_WARN_DOCUMENTATION_COMMENTS = YES;
				CLANG_WARN_EMPTY_BODY = YES;
				CLANG_WARN_ENUM_CONVERSION = YES;
				CLANG_WARN_INFINITE_RECURSION = YES;
				CLANG_WARN_INT_CONVERSION = YES;
				CLANG_WARN_NON_LITERAL_NULL_CONVERSION = YES;
				CLANG_WARN_OBJC_IMPLICIT_RETAIN_SELF = YES;
				CLANG_WARN_OBJC_LITERAL_CONVERSION = YES;
				CLANG_WARN_OBJC_ROOT_CLASS = YES_ERROR;
				CLANG_WARN_RANGE_LOOP_ANALYSIS = YES;
				CLANG_WARN_STRICT_PROTOTYPES = YES;
				CLANG_WARN_SUSPICIOUS_MOVE = YES;
				CLANG_WARN_UNGUARDED_AVAILABILITY = YES_AGGRESSIVE;
				CLANG_WARN_UNREACHABLE_CODE = YES;
				CLANG_WARN__DUPLICATE_METHOD_MATCH = YES;
				CODE_SIGN_IDENTITY = "iPhone Developer";
				COPY_PHASE_STRIP = NO;
				DEBUG_INFORMATION_FORMAT = "dwarf-with-dsym";
				ENABLE_NS_ASSERTIONS = NO;
				ENABLE_STRICT_OBJC_MSGSEND = YES;
				GCC_C_LANGUAGE_STANDARD = gnu11;
				GCC_NO_COMMON_BLOCKS = YES;
				GCC_WARN_64_TO_32_BIT_CONVERSION = YES;
				GCC_WARN_ABOUT_RETURN_TYPE = YES_ERROR;
				GCC_WARN_UNDECLARED_SELECTOR = YES;
				GCC_WARN_UNINITIALIZED_AUTOS = YES_AGGRESSIVE;
				GCC_WARN_UNUSED_FUNCTION = YES;
				GCC_WARN_UNUSED_VARIABLE = YES;
				IPHONEOS_DEPLOYMENT_TARGET = 11.4;
				MTL_ENABLE_DEBUG_INFO = NO;
				SDKROOT = iphoneos;
				SWIFT_COMPILATION_MODE = wholemodule;
				SWIFT_OPTIMIZATION_LEVEL = "-O";
				VALIDATE_PRODUCT = YES;
			};
			name = Release;
		};
		08320EE520FDE01F00D98704 /* Debug */ = {
			isa = XCBuildConfiguration;
			baseConfigurationReference = 49DB9D0DB3ABD83CB09CBC25 /* Pods-WeDo.debug.xcconfig */;
			buildSettings = {
				ASSETCATALOG_COMPILER_APPICON_NAME = AppIcon;
				CLANG_ENABLE_MODULES = YES;
				CODE_SIGN_STYLE = Automatic;
				DEVELOPMENT_TEAM = NVRNTBSH8C;
				INFOPLIST_FILE = WeDo/Info.plist;
				LD_RUNPATH_SEARCH_PATHS = (
					"$(inherited)",
					"@executable_path/Frameworks",
				);
				PRODUCT_BUNDLE_IDENTIFIER = com.creativeitem.WeDo;
				PRODUCT_NAME = "$(TARGET_NAME)";
				SWIFT_OBJC_BRIDGING_HEADER = "WeDo/WeDo-Bridging-Header.h";
				SWIFT_OPTIMIZATION_LEVEL = "-Onone";
				SWIFT_VERSION = 4.0;
				TARGETED_DEVICE_FAMILY = "1,2";
			};
			name = Debug;
		};
		08320EE620FDE01F00D98704 /* Release */ = {
			isa = XCBuildConfiguration;
			baseConfigurationReference = 1CD9AB98BE6B45E7F39176FA /* Pods-WeDo.release.xcconfig */;
			buildSettings = {
				ASSETCATALOG_COMPILER_APPICON_NAME = AppIcon;
				CLANG_ENABLE_MODULES = YES;
				CODE_SIGN_STYLE = Automatic;
				DEVELOPMENT_TEAM = NVRNTBSH8C;
				INFOPLIST_FILE = WeDo/Info.plist;
				LD_RUNPATH_SEARCH_PATHS = (
					"$(inherited)",
					"@executable_path/Frameworks",
				);
				PRODUCT_BUNDLE_IDENTIFIER = com.creativeitem.WeDo;
				PRODUCT_NAME = "$(TARGET_NAME)";
				SWIFT_OBJC_BRIDGING_HEADER = "WeDo/WeDo-Bridging-Header.h";
				SWIFT_VERSION = 4.0;
				TARGETED_DEVICE_FAMILY = "1,2";
			};
			name = Release;
		};
/* End XCBuildConfiguration section */

/* Begin XCConfigurationList section */
		08320ECA20FDE01400D98704 /* Build configuration list for PBXProject "WeDo" */ = {
			isa = XCConfigurationList;
			buildConfigurations = (
				08320EE220FDE01F00D98704 /* Debug */,
				08320EE320FDE01F00D98704 /* Release */,
			);
			defaultConfigurationIsVisible = 0;
			defaultConfigurationName = Release;
		};
		08320EE420FDE01F00D98704 /* Build configuration list for PBXNativeTarget "WeDo" */ = {
			isa = XCConfigurationList;
			buildConfigurations = (
				08320EE520FDE01F00D98704 /* Debug */,
				08320EE620FDE01F00D98704 /* Release */,
			);
			defaultConfigurationIsVisible = 0;
			defaultConfigurationName = Release;
		};
/* End XCConfigurationList section */

/* Begin XCVersionGroup section */
		08320ED920FDE01400D98704 /* WeDo.xcdatamodeld */ = {
			isa = XCVersionGroup;
			children = (
				08320EDA20FDE01400D98704 /* WeDo.xcdatamodel */,
			);
			currentVersion = 08320EDA20FDE01400D98704 /* WeDo.xcdatamodel */;
			path = WeDo.xcdatamodeld;
			sourceTree = "<group>";
			versionGroupType = wrapper.xcdatamodel;
		};
/* End XCVersionGroup section */
	};
	rootObject = 08320EC720FDE01400D98704 /* Project object */;
}
